// !$*UTF8*$!
{
	archiveVersion = 1;
	classes = {
	};
	objectVersion = 56;
	objects = {

/* Begin PBXBuildFile section */
		36DB19A52AD85C4600509A70 /* AppDelegate.swift in Sources */ = {isa = PBXBuildFile; fileRef = 36DB19A42AD85C4600509A70 /* AppDelegate.swift */; };
		36DB19A72AD85C4600509A70 /* SceneDelegate.swift in Sources */ = {isa = PBXBuildFile; fileRef = 36DB19A62AD85C4600509A70 /* SceneDelegate.swift */; };
		36DB19A92AD85C4600509A70 /* ViewController.swift in Sources */ = {isa = PBXBuildFile; fileRef = 36DB19A82AD85C4600509A70 /* ViewController.swift */; };
		36DB19AC2AD85C4600509A70 /* Main.storyboard in Resources */ = {isa = PBXBuildFile; fileRef = 36DB19AA2AD85C4600509A70 /* Main.storyboard */; };
		36DB19AE2AD85C4800509A70 /* Assets.xcassets in Resources */ = {isa = PBXBuildFile; fileRef = 36DB19AD2AD85C4800509A70 /* Assets.xcassets */; };
		36DB19B12AD85C4800509A70 /* LaunchScreen.storyboard in Resources */ = {isa = PBXBuildFile; fileRef = 36DB19AF2AD85C4800509A70 /* LaunchScreen.storyboard */; };
		36DB19BC2AD85C4900509A70 /* BusinessCardTests.swift in Sources */ = {isa = PBXBuildFile; fileRef = 36DB19BB2AD85C4900509A70 /* BusinessCardTests.swift */; };
		36DB19C62AD85C4900509A70 /* BusinessCardUITests.swift in Sources */ = {isa = PBXBuildFile; fileRef = 36DB19C52AD85C4900509A70 /* BusinessCardUITests.swift */; };
		36DB19C82AD85C4900509A70 /* BusinessCardUITestsLaunchTests.swift in Sources */ = {isa = PBXBuildFile; fileRef = 36DB19C72AD85C4900509A70 /* BusinessCardUITestsLaunchTests.swift */; };
/* End PBXBuildFile section */

/* Begin PBXContainerItemProxy section */
		36DB19B82AD85C4900509A70 /* PBXContainerItemProxy */ = {
			isa = PBXContainerItemProxy;
			containerPortal = 36DB19992AD85C4600509A70 /* Project object */;
			proxyType = 1;
			remoteGlobalIDString = 36DB19A02AD85C4600509A70;
			remoteInfo = BusinessCard;
		};
		36DB19C22AD85C4900509A70 /* PBXContainerItemProxy */ = {
			isa = PBXContainerItemProxy;
			containerPortal = 36DB19992AD85C4600509A70 /* Project object */;
			proxyType = 1;
			remoteGlobalIDString = 36DB19A02AD85C4600509A70;
			remoteInfo = BusinessCard;
		};
/* End PBXContainerItemProxy section */

/* Begin PBXFileReference section */
		36DB19A12AD85C4600509A70 /* BusinessCard.app */ = {isa = PBXFileReference; explicitFileType = wrapper.application; includeInIndex = 0; path = BusinessCard.app; sourceTree = BUILT_PRODUCTS_DIR; };
		36DB19A42AD85C4600509A70 /* AppDelegate.swift */ = {isa = PBXFileReference; lastKnownFileType = sourcecode.swift; path = AppDelegate.swift; sourceTree = "<group>"; };
		36DB19A62AD85C4600509A70 /* SceneDelegate.swift */ = {isa = PBXFileReference; lastKnownFileType = sourcecode.swift; path = SceneDelegate.swift; sourceTree = "<group>"; };
		36DB19A82AD85C4600509A70 /* ViewController.swift */ = {isa = PBXFileReference; lastKnownFileType = sourcecode.swift; path = ViewController.swift; sourceTree = "<group>"; };
		36DB19AB2AD85C4600509A70 /* Base */ = {isa = PBXFileReference; lastKnownFileType = file.storyboard; name = Base; path = Base.lproj/Main.storyboard; sourceTree = "<group>"; };
		36DB19AD2AD85C4800509A70 /* Assets.xcassets */ = {isa = PBXFileReference; lastKnownFileType = folder.assetcatalog; path = Assets.xcassets; sourceTree = "<group>"; };
		36DB19B02AD85C4800509A70 /* Base */ = {isa = PBXFileReference; lastKnownFileType = file.storyboard; name = Base; path = Base.lproj/LaunchScreen.storyboard; sourceTree = "<group>"; };
		36DB19B22AD85C4800509A70 /* Info.plist */ = {isa = PBXFileReference; lastKnownFileType = text.plist.xml; path = Info.plist; sourceTree = "<group>"; };
		36DB19B72AD85C4900509A70 /* BusinessCardTests.xctest */ = {isa = PBXFileReference; explicitFileType = wrapper.cfbundle; includeInIndex = 0; path = BusinessCardTests.xctest; sourceTree = BUILT_PRODUCTS_DIR; };
		36DB19BB2AD85C4900509A70 /* BusinessCardTests.swift */ = {isa = PBXFileReference; lastKnownFileType = sourcecode.swift; path = BusinessCardTests.swift; sourceTree = "<group>"; };
		36DB19C12AD85C4900509A70 /* BusinessCardUITests.xctest */ = {isa = PBXFileReference; explicitFileType = wrapper.cfbundle; includeInIndex = 0; path = BusinessCardUITests.xctest; sourceTree = BUILT_PRODUCTS_DIR; };
		36DB19C52AD85C4900509A70 /* BusinessCardUITests.swift */ = {isa = PBXFileReference; lastKnownFileType = sourcecode.swift; path = BusinessCardUITests.swift; sourceTree = "<group>"; };
		36DB19C72AD85C4900509A70 /* BusinessCardUITestsLaunchTests.swift */ = {isa = PBXFileReference; lastKnownFileType = sourcecode.swift; path = BusinessCardUITestsLaunchTests.swift; sourceTree = "<group>"; };
/* End PBXFileReference section */

/* Begin PBXFrameworksBuildPhase section */
		36DB199E2AD85C4600509A70 /* Frameworks */ = {
			isa = PBXFrameworksBuildPhase;
			buildActionMask = 2147483647;
			files = (
			);
			runOnlyForDeploymentPostprocessing = 0;
		};
		36DB19B42AD85C4900509A70 /* Frameworks */ = {
			isa = PBXFrameworksBuildPhase;
			buildActionMask = 2147483647;
			files = (
			);
			runOnlyForDeploymentPostprocessing = 0;
		};
		36DB19BE2AD85C4900509A70 /* Frameworks */ = {
			isa = PBXFrameworksBuildPhase;
			buildActionMask = 2147483647;
			files = (
			);
			runOnlyForDeploymentPostprocessing = 0;
		};
/* End PBXFrameworksBuildPhase section */

/* Begin PBXGroup section */
		36DB19982AD85C4600509A70 = {
			isa = PBXGroup;
			children = (
				36DB19A32AD85C4600509A70 /* BusinessCard */,
				36DB19BA2AD85C4900509A70 /* BusinessCardTests */,
				36DB19C42AD85C4900509A70 /* BusinessCardUITests */,
				36DB19A22AD85C4600509A70 /* Products */,
			);
			sourceTree = "<group>";
		};
		36DB19A22AD85C4600509A70 /* Products */ = {
			isa = PBXGroup;
			children = (
				36DB19A12AD85C4600509A70 /* BusinessCard.app */,
				36DB19B72AD85C4900509A70 /* BusinessCardTests.xctest */,
				36DB19C12AD85C4900509A70 /* BusinessCardUITests.xctest */,
			);
			name = Products;
			sourceTree = "<group>";
		};
		36DB19A32AD85C4600509A70 /* BusinessCard */ = {
			isa = PBXGroup;
			children = (
				36DB19A42AD85C4600509A70 /* AppDelegate.swift */,
				36DB19A62AD85C4600509A70 /* SceneDelegate.swift */,
				36DB19A82AD85C4600509A70 /* ViewController.swift */,
				36DB19AA2AD85C4600509A70 /* Main.storyboard */,
				36DB19AD2AD85C4800509A70 /* Assets.xcassets */,
				36DB19AF2AD85C4800509A70 /* LaunchScreen.storyboard */,
				36DB19B22AD85C4800509A70 /* Info.plist */,
			);
			path = BusinessCard;
			sourceTree = "<group>";
		};
		36DB19BA2AD85C4900509A70 /* BusinessCardTests */ = {
			isa = PBXGroup;
			children = (
				36DB19BB2AD85C4900509A70 /* BusinessCardTests.swift */,
			);
			path = BusinessCardTests;
			sourceTree = "<group>";
		};
		36DB19C42AD85C4900509A70 /* BusinessCardUITests */ = {
			isa = PBXGroup;
			children = (
				36DB19C52AD85C4900509A70 /* BusinessCardUITests.swift */,
				36DB19C72AD85C4900509A70 /* BusinessCardUITestsLaunchTests.swift */,
			);
			path = BusinessCardUITests;
			sourceTree = "<group>";
		};
/* End PBXGroup section */

/* Begin PBXNativeTarget section */
		36DB19A02AD85C4600509A70 /* BusinessCard */ = {
			isa = PBXNativeTarget;
			buildConfigurationList = 36DB19CB2AD85C4900509A70 /* Build configuration list for PBXNativeTarget "BusinessCard" */;
			buildPhases = (
				36DB199D2AD85C4600509A70 /* Sources */,
				36DB199E2AD85C4600509A70 /* Frameworks */,
				36DB199F2AD85C4600509A70 /* Resources */,
			);
			buildRules = (
			);
			dependencies = (
			);
			name = BusinessCard;
			productName = BusinessCard;
			productReference = 36DB19A12AD85C4600509A70 /* BusinessCard.app */;
			productType = "com.apple.product-type.application";
		};
		36DB19B62AD85C4900509A70 /* BusinessCardTests */ = {
			isa = PBXNativeTarget;
			buildConfigurationList = 36DB19CE2AD85C4900509A70 /* Build configuration list for PBXNativeTarget "BusinessCardTests" */;
			buildPhases = (
				36DB19B32AD85C4900509A70 /* Sources */,
				36DB19B42AD85C4900509A70 /* Frameworks */,
				36DB19B52AD85C4900509A70 /* Resources */,
			);
			buildRules = (
			);
			dependencies = (
				36DB19B92AD85C4900509A70 /* PBXTargetDependency */,
			);
			name = BusinessCardTests;
			productName = BusinessCardTests;
			productReference = 36DB19B72AD85C4900509A70 /* BusinessCardTests.xctest */;
			productType = "com.apple.product-type.bundle.unit-test";
		};
		36DB19C02AD85C4900509A70 /* BusinessCardUITests */ = {
			isa = PBXNativeTarget;
			buildConfigurationList = 36DB19D12AD85C4900509A70 /* Build configuration list for PBXNativeTarget "BusinessCardUITests" */;
			buildPhases = (
				36DB19BD2AD85C4900509A70 /* Sources */,
				36DB19BE2AD85C4900509A70 /* Frameworks */,
				36DB19BF2AD85C4900509A70 /* Resources */,
			);
			buildRules = (
			);
			dependencies = (
				36DB19C32AD85C4900509A70 /* PBXTargetDependency */,
			);
			name = BusinessCardUITests;
			productName = BusinessCardUITests;
			productReference = 36DB19C12AD85C4900509A70 /* BusinessCardUITests.xctest */;
			productType = "com.apple.product-type.bundle.ui-testing";
		};
/* End PBXNativeTarget section */

/* Begin PBXProject section */
		36DB19992AD85C4600509A70 /* Project object */ = {
			isa = PBXProject;
			attributes = {
				BuildIndependentTargetsInParallel = 1;
				LastSwiftUpdateCheck = 1430;
				LastUpgradeCheck = 1430;
				TargetAttributes = {
					36DB19A02AD85C4600509A70 = {
						CreatedOnToolsVersion = 14.3.1;
					};
					36DB19B62AD85C4900509A70 = {
						CreatedOnToolsVersion = 14.3.1;
						TestTargetID = 36DB19A02AD85C4600509A70;
					};
					36DB19C02AD85C4900509A70 = {
						CreatedOnToolsVersion = 14.3.1;
						TestTargetID = 36DB19A02AD85C4600509A70;
					};
				};
			};
			buildConfigurationList = 36DB199C2AD85C4600509A70 /* Build configuration list for PBXProject "BusinessCard" */;
			compatibilityVersion = "Xcode 14.0";
			developmentRegion = en;
			hasScannedForEncodings = 0;
			knownRegions = (
				en,
				Base,
			);
			mainGroup = 36DB19982AD85C4600509A70;
			productRefGroup = 36DB19A22AD85C4600509A70 /* Products */;
			projectDirPath = "";
			projectRoot = "";
			targets = (
				36DB19A02AD85C4600509A70 /* BusinessCard */,
				36DB19B62AD85C4900509A70 /* BusinessCardTests */,
				36DB19C02AD85C4900509A70 /* BusinessCardUITests */,
			);
		};
/* End PBXProject section */

/* Begin PBXResourcesBuildPhase section */
		36DB199F2AD85C4600509A70 /* Resources */ = {
			isa = PBXResourcesBuildPhase;
			buildActionMask = 2147483647;
			files = (
				36DB19B12AD85C4800509A70 /* LaunchScreen.storyboard in Resources */,
				36DB19AE2AD85C4800509A70 /* Assets.xcassets in Resources */,
				36DB19AC2AD85C4600509A70 /* Main.storyboard in Resources */,
			);
			runOnlyForDeploymentPostprocessing = 0;
		};
		36DB19B52AD85C4900509A70 /* Resources */ = {
			isa = PBXResourcesBuildPhase;
			buildActionMask = 2147483647;
			files = (
			);
			runOnlyForDeploymentPostprocessing = 0;
		};
		36DB19BF2AD85C4900509A70 /* Resources */ = {
			isa = PBXResourcesBuildPhase;
			buildActionMask = 2147483647;
			files = (
			);
			runOnlyForDeploymentPostprocessing = 0;
		};
/* End PBXResourcesBuildPhase section */

/* Begin PBXSourcesBuildPhase section */
		36DB199D2AD85C4600509A70 /* Sources */ = {
			isa = PBXSourcesBuildPhase;
			buildActionMask = 2147483647;
			files = (
				36DB19A92AD85C4600509A70 /* ViewController.swift in Sources */,
				36DB19A52AD85C4600509A70 /* AppDelegate.swift in Sources */,
				36DB19A72AD85C4600509A70 /* SceneDelegate.swift in Sources */,
			);
			runOnlyForDeploymentPostprocessing = 0;
		};
		36DB19B32AD85C4900509A70 /* Sources */ = {
			isa = PBXSourcesBuildPhase;
			buildActionMask = 2147483647;
			files = (
				36DB19BC2AD85C4900509A70 /* BusinessCardTests.swift in Sources */,
			);
			runOnlyForDeploymentPostprocessing = 0;
		};
		36DB19BD2AD85C4900509A70 /* Sources */ = {
			isa = PBXSourcesBuildPhase;
			buildActionMask = 2147483647;
			files = (
				36DB19C82AD85C4900509A70 /* BusinessCardUITestsLaunchTests.swift in Sources */,
				36DB19C62AD85C4900509A70 /* BusinessCardUITests.swift in Sources */,
			);
			runOnlyForDeploymentPostprocessing = 0;
		};
/* End PBXSourcesBuildPhase section */

/* Begin PBXTargetDependency section */
		36DB19B92AD85C4900509A70 /* PBXTargetDependency */ = {
			isa = PBXTargetDependency;
			target = 36DB19A02AD85C4600509A70 /* BusinessCard */;
			targetProxy = 36DB19B82AD85C4900509A70 /* PBXContainerItemProxy */;
		};
		36DB19C32AD85C4900509A70 /* PBXTargetDependency */ = {
			isa = PBXTargetDependency;
			target = 36DB19A02AD85C4600509A70 /* BusinessCard */;
			targetProxy = 36DB19C22AD85C4900509A70 /* PBXContainerItemProxy */;
		};
/* End PBXTargetDependency section */

/* Begin PBXVariantGroup section */
		36DB19AA2AD85C4600509A70 /* Main.storyboard */ = {
			isa = PBXVariantGroup;
			children = (
				36DB19AB2AD85C4600509A70 /* Base */,
			);
			name = Main.storyboard;
			sourceTree = "<group>";
		};
		36DB19AF2AD85C4800509A70 /* LaunchScreen.storyboard */ = {
			isa = PBXVariantGroup;
			children = (
				36DB19B02AD85C4800509A70 /* Base */,
			);
			name = LaunchScreen.storyboard;
			sourceTree = "<group>";
		};
/* End PBXVariantGroup section */

/* Begin XCBuildConfiguration section */
		36DB19C92AD85C4900509A70 /* Debug */ = {
			isa = XCBuildConfiguration;
			buildSettings = {
				ALWAYS_SEARCH_USER_PATHS = NO;
				CLANG_ANALYZER_NONNULL = YES;
				CLANG_ANALYZER_NUMBER_OBJECT_CONVERSION = YES_AGGRESSIVE;
				CLANG_CXX_LANGUAGE_STANDARD = "gnu++20";
				CLANG_ENABLE_MODULES = YES;
				CLANG_ENABLE_OBJC_ARC = YES;
				CLANG_ENABLE_OBJC_WEAK = YES;
				CLANG_WARN_BLOCK_CAPTURE_AUTORELEASING = YES;
				CLANG_WARN_BOOL_CONVERSION = YES;
				CLANG_WARN_COMMA = YES;
				CLANG_WARN_CONSTANT_CONVERSION = YES;
				CLANG_WARN_DEPRECATED_OBJC_IMPLEMENTATIONS = YES;
				CLANG_WARN_DIRECT_OBJC_ISA_USAGE = YES_ERROR;
				CLANG_WARN_DOCUMENTATION_COMMENTS = YES;
				CLANG_WARN_EMPTY_BODY = YES;
				CLANG_WARN_ENUM_CONVERSION = YES;
				CLANG_WARN_INFINITE_RECURSION = YES;
				CLANG_WARN_INT_CONVERSION = YES;
				CLANG_WARN_NON_LITERAL_NULL_CONVERSION = YES;
				CLANG_WARN_OBJC_IMPLICIT_RETAIN_SELF = YES;
				CLANG_WARN_OBJC_LITERAL_CONVERSION = YES;
				CLANG_WARN_OBJC_ROOT_CLASS = YES_ERROR;
				CLANG_WARN_QUOTED_INCLUDE_IN_FRAMEWORK_HEADER = YES;
				CLANG_WARN_RANGE_LOOP_ANALYSIS = YES;
				CLANG_WARN_STRICT_PROTOTYPES = YES;
				CLANG_WARN_SUSPICIOUS_MOVE = YES;
				CLANG_WARN_UNGUARDED_AVAILABILITY = YES_AGGRESSIVE;
				CLANG_WARN_UNREACHABLE_CODE = YES;
				CLANG_WARN__DUPLICATE_METHOD_MATCH = YES;
				COPY_PHASE_STRIP = NO;
				DEBUG_INFORMATION_FORMAT = dwarf;
				ENABLE_STRICT_OBJC_MSGSEND = YES;
				ENABLE_TESTABILITY = YES;
				GCC_C_LANGUAGE_STANDARD = gnu11;
				GCC_DYNAMIC_NO_PIC = NO;
				GCC_NO_COMMON_BLOCKS = YES;
				GCC_OPTIMIZATION_LEVEL = 0;
				GCC_PREPROCESSOR_DEFINITIONS = (
					"DEBUG=1",
					"$(inherited)",
				);
				GCC_WARN_64_TO_32_BIT_CONVERSION = YES;
				GCC_WARN_ABOUT_RETURN_TYPE = YES_ERROR;
				GCC_WARN_UNDECLARED_SELECTOR = YES;
				GCC_WARN_UNINITIALIZED_AUTOS = YES_AGGRESSIVE;
				GCC_WARN_UNUSED_FUNCTION = YES;
				GCC_WARN_UNUSED_VARIABLE = YES;
				IPHONEOS_DEPLOYMENT_TARGET = 16.4;
				MTL_ENABLE_DEBUG_INFO = INCLUDE_SOURCE;
				MTL_FAST_MATH = YES;
				ONLY_ACTIVE_ARCH = YES;
				SDKROOT = iphoneos;
				SWIFT_ACTIVE_COMPILATION_CONDITIONS = DEBUG;
				SWIFT_OPTIMIZATION_LEVEL = "-Onone";
			};
			name = Debug;
		};
		36DB19CA2AD85C4900509A70 /* Release */ = {
			isa = XCBuildConfiguration;
			buildSettings = {
				ALWAYS_SEARCH_USER_PATHS = NO;
				CLANG_ANALYZER_NONNULL = YES;
				CLANG_ANALYZER_NUMBER_OBJECT_CONVERSION = YES_AGGRESSIVE;
				CLANG_CXX_LANGUAGE_STANDARD = "gnu++20";
				CLANG_ENABLE_MODULES = YES;
				CLANG_ENABLE_OBJC_ARC = YES;
				CLANG_ENABLE_OBJC_WEAK = YES;
				CLANG_WARN_BLOCK_CAPTURE_AUTORELEASING = YES;
				CLANG_WARN_BOOL_CONVERSION = YES;
				CLANG_WARN_COMMA = YES;
				CLANG_WARN_CONSTANT_CONVERSION = YES;
				CLANG_WARN_DEPRECATED_OBJC_IMPLEMENTATIONS = YES;
				CLANG_WARN_DIRECT_OBJC_ISA_USAGE = YES_ERROR;
				CLANG_WARN_DOCUMENTATION_COMMENTS = YES;
				CLANG_WARN_EMPTY_BODY = YES;
				CLANG_WARN_ENUM_CONVERSION = YES;
				CLANG_WARN_INFINITE_RECURSION = YES;
				CLANG_WARN_INT_CONVERSION = YES;
				CLANG_WARN_NON_LITERAL_NULL_CONVERSION = YES;
				CLANG_WARN_OBJC_IMPLICIT_RETAIN_SELF = YES;
				CLANG_WARN_OBJC_LITERAL_CONVERSION = YES;
				CLANG_WARN_OBJC_ROOT_CLASS = YES_ERROR;
				CLANG_WARN_QUOTED_INCLUDE_IN_FRAMEWORK_HEADER = YES;
				CLANG_WARN_RANGE_LOOP_ANALYSIS = YES;
				CLANG_WARN_STRICT_PROTOTYPES = YES;
				CLANG_WARN_SUSPICIOUS_MOVE = YES;
				CLANG_WARN_UNGUARDED_AVAILABILITY = YES_AGGRESSIVE;
				CLANG_WARN_UNREACHABLE_CODE = YES;
				CLANG_WARN__DUPLICATE_METHOD_MATCH = YES;
				COPY_PHASE_STRIP = NO;
				DEBUG_INFORMATION_FORMAT = "dwarf-with-dsym";
				ENABLE_NS_ASSERTIONS = NO;
				ENABLE_STRICT_OBJC_MSGSEND = YES;
				GCC_C_LANGUAGE_STANDARD = gnu11;
				GCC_NO_COMMON_BLOCKS = YES;
				GCC_WARN_64_TO_32_BIT_CONVERSION = YES;
				GCC_WARN_ABOUT_RETURN_TYPE = YES_ERROR;
				GCC_WARN_UNDECLARED_SELECTOR = YES;
				GCC_WARN_UNINITIALIZED_AUTOS = YES_AGGRESSIVE;
				GCC_WARN_UNUSED_FUNCTION = YES;
				GCC_WARN_UNUSED_VARIABLE = YES;
				IPHONEOS_DEPLOYMENT_TARGET = 16.4;
				MTL_ENABLE_DEBUG_INFO = NO;
				MTL_FAST_MATH = YES;
				SDKROOT = iphoneos;
				SWIFT_COMPILATION_MODE = wholemodule;
				SWIFT_OPTIMIZATION_LEVEL = "-O";
				VALIDATE_PRODUCT = YES;
			};
			name = Release;
		};
		36DB19CC2AD85C4900509A70 /* Debug */ = {
			isa = XCBuildConfiguration;
			buildSettings = {
				ASSETCATALOG_COMPILER_APPICON_NAME = AppIcon;
				ASSETCATALOG_COMPILER_GLOBAL_ACCENT_COLOR_NAME = AccentColor;
				CODE_SIGN_STYLE = Automatic;
				CURRENT_PROJECT_VERSION = 1;
				GENERATE_INFOPLIST_FILE = YES;
				INFOPLIST_FILE = BusinessCard/Info.plist;
				INFOPLIST_KEY_UIApplicationSupportsIndirectInputEvents = YES;
				INFOPLIST_KEY_UILaunchStoryboardName = LaunchScreen;
				INFOPLIST_KEY_UIMainStoryboardFile = Main;
				INFOPLIST_KEY_UISupportedInterfaceOrientations_iPad = "UIInterfaceOrientationPortrait UIInterfaceOrientationPortraitUpsideDown UIInterfaceOrientationLandscapeLeft UIInterfaceOrientationLandscapeRight";
				INFOPLIST_KEY_UISupportedInterfaceOrientations_iPhone = "UIInterfaceOrientationPortrait UIInterfaceOrientationLandscapeLeft UIInterfaceOrientationLandscapeRight";
				LD_RUNPATH_SEARCH_PATHS = (
					"$(inherited)",
					"@executable_path/Frameworks",
				);
				MARKETING_VERSION = 1.0;
				PRODUCT_BUNDLE_IDENTIFIER = com.example.BusinessCard;
				PRODUCT_NAME = "$(TARGET_NAME)";
				SWIFT_EMIT_LOC_STRINGS = YES;
				SWIFT_VERSION = 5.0;
				TARGETED_DEVICE_FAMILY = "1,2";
			};
			name = Debug;
		};
		36DB19CD2AD85C4900509A70 /* Release */ = {
			isa = XCBuildConfiguration;
			buildSettings = {
				ASSETCATALOG_COMPILER_APPICON_NAME = AppIcon;
				ASSETCATALOG_COMPILER_GLOBAL_ACCENT_COLOR_NAME = AccentColor;
				CODE_SIGN_STYLE = Automatic;
				CURRENT_PROJECT_VERSION = 1;
				GENERATE_INFOPLIST_FILE = YES;
				INFOPLIST_FILE = BusinessCard/Info.plist;
				INFOPLIST_KEY_UIApplicationSupportsIndirectInputEvents = YES;
				INFOPLIST_KEY_UILaunchStoryboardName = LaunchScreen;
				INFOPLIST_KEY_UIMainStoryboardFile = Main;
				INFOPLIST_KEY_UISupportedInterfaceOrientations_iPad = "UIInterfaceOrientationPortrait UIInterfaceOrientationPortraitUpsideDown UIInterfaceOrientationLandscapeLeft UIInterfaceOrientationLandscapeRight";
				INFOPLIST_KEY_UISupportedInterfaceOrientations_iPhone = "UIInterfaceOrientationPortrait UIInterfaceOrientationLandscapeLeft UIInterfaceOrientationLandscapeRight";
				LD_RUNPATH_SEARCH_PATHS = (
					"$(inherited)",
					"@executable_path/Frameworks",
				);
				MARKETING_VERSION = 1.0;
				PRODUCT_BUNDLE_IDENTIFIER = com.example.BusinessCard;
				PRODUCT_NAME = "$(TARGET_NAME)";
				SWIFT_EMIT_LOC_STRINGS = YES;
				SWIFT_VERSION = 5.0;
				TARGETED_DEVICE_FAMILY = "1,2";
			};
			name = Release;
		};
		36DB19CF2AD85C4900509A70 /* Debug */ = {
			isa = XCBuildConfiguration;
			buildSettings = {
				ALWAYS_EMBED_SWIFT_STANDARD_LIBRARIES = YES;
				BUNDLE_LOADER = "$(TEST_HOST)";
				CODE_SIGN_STYLE = Automatic;
				CURRENT_PROJECT_VERSION = 1;
				GENERATE_INFOPLIST_FILE = YES;
				IPHONEOS_DEPLOYMENT_TARGET = 16.4;
				MARKETING_VERSION = 1.0;
				PRODUCT_BUNDLE_IDENTIFIER = com.example.BusinessCardTests;
				PRODUCT_NAME = "$(TARGET_NAME)";
				SWIFT_EMIT_LOC_STRINGS = NO;
				SWIFT_VERSION = 5.0;
				TARGETED_DEVICE_FAMILY = "1,2";
				TEST_HOST = "$(BUILT_PRODUCTS_DIR)/BusinessCard.app/$(BUNDLE_EXECUTABLE_FOLDER_PATH)/BusinessCard";
			};
			name = Debug;
		};
		36DB19D02AD85C4900509A70 /* Release */ = {
			isa = XCBuildConfiguration;
			buildSettings = {
				ALWAYS_EMBED_SWIFT_STANDARD_LIBRARIES = YES;
				BUNDLE_LOADER = "$(TEST_HOST)";
				CODE_SIGN_STYLE = Automatic;
				CURRENT_PROJECT_VERSION = 1;
				GENERATE_INFOPLIST_FILE = YES;
				IPHONEOS_DEPLOYMENT_TARGET = 16.4;
				MARKETING_VERSION = 1.0;
				PRODUCT_BUNDLE_IDENTIFIER = com.example.BusinessCardTests;
				PRODUCT_NAME = "$(TARGET_NAME)";
				SWIFT_EMIT_LOC_STRINGS = NO;
				SWIFT_VERSION = 5.0;
				TARGETED_DEVICE_FAMILY = "1,2";
				TEST_HOST = "$(BUILT_PRODUCTS_DIR)/BusinessCard.app/$(BUNDLE_EXECUTABLE_FOLDER_PATH)/BusinessCard";
			};
			name = Release;
		};
		36DB19D22AD85C4900509A70 /* Debug */ = {
			isa = XCBuildConfiguration;
			buildSettings = {
				ALWAYS_EMBED_SWIFT_STANDARD_LIBRARIES = YES;
				CODE_SIGN_STYLE = Automatic;
				CURRENT_PROJECT_VERSION = 1;
				GENERATE_INFOPLIST_FILE = YES;
				MARKETING_VERSION = 1.0;
				PRODUCT_BUNDLE_IDENTIFIER = com.example.BusinessCardUITests;
				PRODUCT_NAME = "$(TARGET_NAME)";
				SWIFT_EMIT_LOC_STRINGS = NO;
				SWIFT_VERSION = 5.0;
				TARGETED_DEVICE_FAMILY = "1,2";
				TEST_TARGET_NAME = BusinessCard;
			};
			name = Debug;
		};
		36DB19D32AD85C4900509A70 /* Release */ = {
			isa = XCBuildConfiguration;
			buildSettings = {
				ALWAYS_EMBED_SWIFT_STANDARD_LIBRARIES = YES;
				CODE_SIGN_STYLE = Automatic;
				CURRENT_PROJECT_VERSION = 1;
				GENERATE_INFOPLIST_FILE = YES;
				MARKETING_VERSION = 1.0;
				PRODUCT_BUNDLE_IDENTIFIER = com.example.BusinessCardUITests;
				PRODUCT_NAME = "$(TARGET_NAME)";
				SWIFT_EMIT_LOC_STRINGS = NO;
				SWIFT_VERSION = 5.0;
				TARGETED_DEVICE_FAMILY = "1,2";
				TEST_TARGET_NAME = BusinessCard;
			};
			name = Release;
		};
/* End XCBuildConfiguration section */

/* Begin XCConfigurationList section */
		36DB199C2AD85C4600509A70 /* Build configuration list for PBXProject "BusinessCard" */ = {
			isa = XCConfigurationList;
			buildConfigurations = (
				36DB19C92AD85C4900509A70 /* Debug */,
				36DB19CA2AD85C4900509A70 /* Release */,
			);
			defaultConfigurationIsVisible = 0;
			defaultConfigurationName = Release;
		};
		36DB19CB2AD85C4900509A70 /* Build configuration list for PBXNativeTarget "BusinessCard" */ = {
			isa = XCConfigurationList;
			buildConfigurations = (
				36DB19CC2AD85C4900509A70 /* Debug */,
				36DB19CD2AD85C4900509A70 /* Release */,
			);
			defaultConfigurationIsVisible = 0;
			defaultConfigurationName = Release;
		};
		36DB19CE2AD85C4900509A70 /* Build configuration list for PBXNativeTarget "BusinessCardTests" */ = {
			isa = XCConfigurationList;
			buildConfigurations = (
				36DB19CF2AD85C4900509A70 /* Debug */,
				36DB19D02AD85C4900509A70 /* Release */,
			);
			defaultConfigurationIsVisible = 0;
			defaultConfigurationName = Release;
		};
		36DB19D12AD85C4900509A70 /* Build configuration list for PBXNativeTarget "BusinessCardUITests" */ = {
			isa = XCConfigurationList;
			buildConfigurations = (
				36DB19D22AD85C4900509A70 /* Debug */,
				36DB19D32AD85C4900509A70 /* Release */,
			);
			defaultConfigurationIsVisible = 0;
			defaultConfigurationName = Release;
		};
/* End XCConfigurationList section */
	};
	rootObject = 36DB19992AD85C4600509A70 /* Project object */;
}
