// !$*UTF8*$!
{
	archiveVersion = 1;
	classes = {
	};
	objectVersion = 56;
	objects = {

/* Begin PBXBuildFile section */
		3639DB6F2B9B80A90006DA7C /* AppDelegate.swift in Sources */ = {isa = PBXBuildFile; fileRef = 3639DB6E2B9B80A90006DA7C /* AppDelegate.swift */; };
		3639DB712B9B80A90006DA7C /* SceneDelegate.swift in Sources */ = {isa = PBXBuildFile; fileRef = 3639DB702B9B80A90006DA7C /* SceneDelegate.swift */; };
		3639DB732B9B80A90006DA7C /* ViewController.swift in Sources */ = {isa = PBXBuildFile; fileRef = 3639DB722B9B80A90006DA7C /* ViewController.swift */; };
		3639DB762B9B80A90006DA7C /* Main.storyboard in Resources */ = {isa = PBXBuildFile; fileRef = 3639DB742B9B80A90006DA7C /* Main.storyboard */; };
		3639DB782B9B80AB0006DA7C /* Assets.xcassets in Resources */ = {isa = PBXBuildFile; fileRef = 3639DB772B9B80AB0006DA7C /* Assets.xcassets */; };
		3639DB7B2B9B80AB0006DA7C /* LaunchScreen.storyboard in Resources */ = {isa = PBXBuildFile; fileRef = 3639DB792B9B80AB0006DA7C /* LaunchScreen.storyboard */; };
		3639DB832B9B85240006DA7C /* CaptchaImageView.swift in Sources */ = {isa = PBXBuildFile; fileRef = 3639DB822B9B85240006DA7C /* CaptchaImageView.swift */; };
		3639DB862B9B86C60006DA7C /* IImages in Resources */ = {isa = PBXBuildFile; fileRef = 3639DB852B9B86C60006DA7C /* IImages */; };
/* End PBXBuildFile section */

/* Begin PBXFileReference section */
		3639DB6B2B9B80A90006DA7C /* Captcha.app */ = {isa = PBXFileReference; explicitFileType = wrapper.application; includeInIndex = 0; path = Captcha.app; sourceTree = BUILT_PRODUCTS_DIR; };
		3639DB6E2B9B80A90006DA7C /* AppDelegate.swift */ = {isa = PBXFileReference; lastKnownFileType = sourcecode.swift; path = AppDelegate.swift; sourceTree = "<group>"; };
		3639DB702B9B80A90006DA7C /* SceneDelegate.swift */ = {isa = PBXFileReference; lastKnownFileType = sourcecode.swift; path = SceneDelegate.swift; sourceTree = "<group>"; };
		3639DB722B9B80A90006DA7C /* ViewController.swift */ = {isa = PBXFileReference; lastKnownFileType = sourcecode.swift; path = ViewController.swift; sourceTree = "<group>"; };
		3639DB752B9B80A90006DA7C /* Base */ = {isa = PBXFileReference; lastKnownFileType = file.storyboard; name = Base; path = Base.lproj/Main.storyboard; sourceTree = "<group>"; };
		3639DB772B9B80AB0006DA7C /* Assets.xcassets */ = {isa = PBXFileReference; lastKnownFileType = folder.assetcatalog; path = Assets.xcassets; sourceTree = "<group>"; };
		3639DB7A2B9B80AB0006DA7C /* Base */ = {isa = PBXFileReference; lastKnownFileType = file.storyboard; name = Base; path = Base.lproj/LaunchScreen.storyboard; sourceTree = "<group>"; };
		3639DB7C2B9B80AB0006DA7C /* Info.plist */ = {isa = PBXFileReference; lastKnownFileType = text.plist.xml; path = Info.plist; sourceTree = "<group>"; };
		3639DB822B9B85240006DA7C /* CaptchaImageView.swift */ = {isa = PBXFileReference; lastKnownFileType = sourcecode.swift; path = CaptchaImageView.swift; sourceTree = "<group>"; };
		3639DB852B9B86C60006DA7C /* IImages */ = {isa = PBXFileReference; lastKnownFileType = folder; name = IImages; sourceTree = "<group>"; };
/* End PBXFileReference section */

/* Begin PBXFrameworksBuildPhase section */
		3639DB682B9B80A90006DA7C /* Frameworks */ = {
			isa = PBXFrameworksBuildPhase;
			buildActionMask = 2147483647;
			files = (
			);
			runOnlyForDeploymentPostprocessing = 0;
		};
/* End PBXFrameworksBuildPhase section */

/* Begin PBXGroup section */
		3639DB622B9B80A90006DA7C = {
			isa = PBXGroup;
			children = (
				3639DB6D2B9B80A90006DA7C /* Captcha */,
				3639DB6C2B9B80A90006DA7C /* Products */,
			);
			sourceTree = "<group>";
		};
		3639DB6C2B9B80A90006DA7C /* Products */ = {
			isa = PBXGroup;
			children = (
				3639DB6B2B9B80A90006DA7C /* Captcha.app */,
			);
			name = Products;
			sourceTree = "<group>";
		};
		3639DB6D2B9B80A90006DA7C /* Captcha */ = {
			isa = PBXGroup;
			children = (
				3639DB822B9B85240006DA7C /* CaptchaImageView.swift */,
				3639DB6E2B9B80A90006DA7C /* AppDelegate.swift */,
				3639DB702B9B80A90006DA7C /* SceneDelegate.swift */,
				3639DB722B9B80A90006DA7C /* ViewController.swift */,
				3639DB842B9B86A90006DA7C /* IImages */,
				3639DB742B9B80A90006DA7C /* Main.storyboard */,
				3639DB772B9B80AB0006DA7C /* Assets.xcassets */,
				3639DB792B9B80AB0006DA7C /* LaunchScreen.storyboard */,
				3639DB7C2B9B80AB0006DA7C /* Info.plist */,
			);
			path = Captcha;
			sourceTree = "<group>";
		};
		3639DB842B9B86A90006DA7C /* IImages */ = {
			isa = PBXGroup;
			children = (
				3639DB852B9B86C60006DA7C /* IImages */,
			);
			path = IImages;
			sourceTree = "<group>";
		};
/* End PBXGroup section */

/* Begin PBXNativeTarget section */
		3639DB6A2B9B80A90006DA7C /* Captcha */ = {
			isa = PBXNativeTarget;
			buildConfigurationList = 3639DB7F2B9B80AB0006DA7C /* Build configuration list for PBXNativeTarget "Captcha" */;
			buildPhases = (
				3639DB672B9B80A90006DA7C /* Sources */,
				3639DB682B9B80A90006DA7C /* Frameworks */,
				3639DB692B9B80A90006DA7C /* Resources */,
			);
			buildRules = (
			);
			dependencies = (
			);
			name = Captcha;
			productName = Captcha;
			productReference = 3639DB6B2B9B80A90006DA7C /* Captcha.app */;
			productType = "com.apple.product-type.application";
		};
/* End PBXNativeTarget section */

/* Begin PBXProject section */
		3639DB632B9B80A90006DA7C /* Project object */ = {
			isa = PBXProject;
			attributes = {
				BuildIndependentTargetsInParallel = 1;
				LastSwiftUpdateCheck = 1520;
				LastUpgradeCheck = 1520;
				TargetAttributes = {
					3639DB6A2B9B80A90006DA7C = {
						CreatedOnToolsVersion = 15.2;
					};
				};
			};
			buildConfigurationList = 3639DB662B9B80A90006DA7C /* Build configuration list for PBXProject "Captcha" */;
			compatibilityVersion = "Xcode 14.0";
			developmentRegion = en;
			hasScannedForEncodings = 0;
			knownRegions = (
				en,
				Base,
			);
			mainGroup = 3639DB622B9B80A90006DA7C;
			productRefGroup = 3639DB6C2B9B80A90006DA7C /* Products */;
			projectDirPath = "";
			projectRoot = "";
			targets = (
				3639DB6A2B9B80A90006DA7C /* Captcha */,
			);
		};
/* End PBXProject section */

/* Begin PBXResourcesBuildPhase section */
		3639DB692B9B80A90006DA7C /* Resources */ = {
			isa = PBXResourcesBuildPhase;
			buildActionMask = 2147483647;
			files = (
				3639DB7B2B9B80AB0006DA7C /* LaunchScreen.storyboard in Resources */,
				3639DB782B9B80AB0006DA7C /* Assets.xcassets in Resources */,
				3639DB862B9B86C60006DA7C /* IImages in Resources */,
				3639DB762B9B80A90006DA7C /* Main.storyboard in Resources */,
			);
			runOnlyForDeploymentPostprocessing = 0;
		};
/* End PBXResourcesBuildPhase section */

/* Begin PBXSourcesBuildPhase section */
		3639DB672B9B80A90006DA7C /* Sources */ = {
			isa = PBXSourcesBuildPhase;
			buildActionMask = 2147483647;
			files = (
				3639DB732B9B80A90006DA7C /* ViewController.swift in Sources */,
				3639DB6F2B9B80A90006DA7C /* AppDelegate.swift in Sources */,
				3639DB712B9B80A90006DA7C /* SceneDelegate.swift in Sources */,
				3639DB832B9B85240006DA7C /* CaptchaImageView.swift in Sources */,
			);
			runOnlyForDeploymentPostprocessing = 0;
		};
/* End PBXSourcesBuildPhase section */

/* Begin PBXVariantGroup section */
		3639DB742B9B80A90006DA7C /* Main.storyboard */ = {
			isa = PBXVariantGroup;
			children = (
				3639DB752B9B80A90006DA7C /* Base */,
			);
			name = Main.storyboard;
			sourceTree = "<group>";
		};
		3639DB792B9B80AB0006DA7C /* LaunchScreen.storyboard */ = {
			isa = PBXVariantGroup;
			children = (
				3639DB7A2B9B80AB0006DA7C /* Base */,
			);
			name = LaunchScreen.storyboard;
			sourceTree = "<group>";
		};
/* End PBXVariantGroup section */

/* Begin XCBuildConfiguration section */
		3639DB7D2B9B80AB0006DA7C /* Debug */ = {
			isa = XCBuildConfiguration;
			buildSettings = {
				ALWAYS_SEARCH_USER_PATHS = NO;
				ASSETCATALOG_COMPILER_GENERATE_SWIFT_ASSET_SYMBOL_EXTENSIONS = YES;
				CLANG_ANALYZER_NONNULL = YES;
				CLANG_ANALYZER_NUMBER_OBJECT_CONVERSION = YES_AGGRESSIVE;
				CLANG_CXX_LANGUAGE_STANDARD = "gnu++20";
				CLANG_ENABLE_MODULES = YES;
				CLANG_ENABLE_OBJC_ARC = YES;
				CLANG_ENABLE_OBJC_WEAK = YES;
				CLANG_WARN_BLOCK_CAPTURE_AUTORELEASING = YES;
				CLANG_WARN_BOOL_CONVERSION = YES;
				CLANG_WARN_COMMA = YES;
				CLANG_WARN_CONSTANT_CONVERSION = YES;
				CLANG_WARN_DEPRECATED_OBJC_IMPLEMENTATIONS = YES;
				CLANG_WARN_DIRECT_OBJC_ISA_USAGE = YES_ERROR;
				CLANG_WARN_DOCUMENTATION_COMMENTS = YES;
				CLANG_WARN_EMPTY_BODY = YES;
				CLANG_WARN_ENUM_CONVERSION = YES;
				CLANG_WARN_INFINITE_RECURSION = YES;
				CLANG_WARN_INT_CONVERSION = YES;
				CLANG_WARN_NON_LITERAL_NULL_CONVERSION = YES;
				CLANG_WARN_OBJC_IMPLICIT_RETAIN_SELF = YES;
				CLANG_WARN_OBJC_LITERAL_CONVERSION = YES;
				CLANG_WARN_OBJC_ROOT_CLASS = YES_ERROR;
				CLANG_WARN_QUOTED_INCLUDE_IN_FRAMEWORK_HEADER = YES;
				CLANG_WARN_RANGE_LOOP_ANALYSIS = YES;
				CLANG_WARN_STRICT_PROTOTYPES = YES;
				CLANG_WARN_SUSPICIOUS_MOVE = YES;
				CLANG_WARN_UNGUARDED_AVAILABILITY = YES_AGGRESSIVE;
				CLANG_WARN_UNREACHABLE_CODE = YES;
				CLANG_WARN__DUPLICATE_METHOD_MATCH = YES;
				COPY_PHASE_STRIP = NO;
				DEBUG_INFORMATION_FORMAT = dwarf;
				ENABLE_STRICT_OBJC_MSGSEND = YES;
				ENABLE_TESTABILITY = YES;
				ENABLE_USER_SCRIPT_SANDBOXING = YES;
				GCC_C_LANGUAGE_STANDARD = gnu17;
				GCC_DYNAMIC_NO_PIC = NO;
				GCC_NO_COMMON_BLOCKS = YES;
				GCC_OPTIMIZATION_LEVEL = 0;
				GCC_PREPROCESSOR_DEFINITIONS = (
					"DEBUG=1",
					"$(inherited)",
				);
				GCC_WARN_64_TO_32_BIT_CONVERSION = YES;
				GCC_WARN_ABOUT_RETURN_TYPE = YES_ERROR;
				GCC_WARN_UNDECLARED_SELECTOR = YES;
				GCC_WARN_UNINITIALIZED_AUTOS = YES_AGGRESSIVE;
				GCC_WARN_UNUSED_FUNCTION = YES;
				GCC_WARN_UNUSED_VARIABLE = YES;
				IPHONEOS_DEPLOYMENT_TARGET = 17.2;
				LOCALIZATION_PREFERS_STRING_CATALOGS = YES;
				MTL_ENABLE_DEBUG_INFO = INCLUDE_SOURCE;
				MTL_FAST_MATH = YES;
				ONLY_ACTIVE_ARCH = YES;
				SDKROOT = iphoneos;
				SWIFT_ACTIVE_COMPILATION_CONDITIONS = "DEBUG $(inherited)";
				SWIFT_OPTIMIZATION_LEVEL = "-Onone";
			};
			name = Debug;
		};
		3639DB7E2B9B80AB0006DA7C /* Release */ = {
			isa = XCBuildConfiguration;
			buildSettings = {
				ALWAYS_SEARCH_USER_PATHS = NO;
				ASSETCATALOG_COMPILER_GENERATE_SWIFT_ASSET_SYMBOL_EXTENSIONS = YES;
				CLANG_ANALYZER_NONNULL = YES;
				CLANG_ANALYZER_NUMBER_OBJECT_CONVERSION = YES_AGGRESSIVE;
				CLANG_CXX_LANGUAGE_STANDARD = "gnu++20";
				CLANG_ENABLE_MODULES = YES;
				CLANG_ENABLE_OBJC_ARC = YES;
				CLANG_ENABLE_OBJC_WEAK = YES;
				CLANG_WARN_BLOCK_CAPTURE_AUTORELEASING = YES;
				CLANG_WARN_BOOL_CONVERSION = YES;
				CLANG_WARN_COMMA = YES;
				CLANG_WARN_CONSTANT_CONVERSION = YES;
				CLANG_WARN_DEPRECATED_OBJC_IMPLEMENTATIONS = YES;
				CLANG_WARN_DIRECT_OBJC_ISA_USAGE = YES_ERROR;
				CLANG_WARN_DOCUMENTATION_COMMENTS = YES;
				CLANG_WARN_EMPTY_BODY = YES;
				CLANG_WARN_ENUM_CONVERSION = YES;
				CLANG_WARN_INFINITE_RECURSION = YES;
				CLANG_WARN_INT_CONVERSION = YES;
				CLANG_WARN_NON_LITERAL_NULL_CONVERSION = YES;
				CLANG_WARN_OBJC_IMPLICIT_RETAIN_SELF = YES;
				CLANG_WARN_OBJC_LITERAL_CONVERSION = YES;
				CLANG_WARN_OBJC_ROOT_CLASS = YES_ERROR;
				CLANG_WARN_QUOTED_INCLUDE_IN_FRAMEWORK_HEADER = YES;
				CLANG_WARN_RANGE_LOOP_ANALYSIS = YES;
				CLANG_WARN_STRICT_PROTOTYPES = YES;
				CLANG_WARN_SUSPICIOUS_MOVE = YES;
				CLANG_WARN_UNGUARDED_AVAILABILITY = YES_AGGRESSIVE;
				CLANG_WARN_UNREACHABLE_CODE = YES;
				CLANG_WARN__DUPLICATE_METHOD_MATCH = YES;
				COPY_PHASE_STRIP = NO;
				DEBUG_INFORMATION_FORMAT = "dwarf-with-dsym";
				ENABLE_NS_ASSERTIONS = NO;
				ENABLE_STRICT_OBJC_MSGSEND = YES;
				ENABLE_USER_SCRIPT_SANDBOXING = YES;
				GCC_C_LANGUAGE_STANDARD = gnu17;
				GCC_NO_COMMON_BLOCKS = YES;
				GCC_WARN_64_TO_32_BIT_CONVERSION = YES;
				GCC_WARN_ABOUT_RETURN_TYPE = YES_ERROR;
				GCC_WARN_UNDECLARED_SELECTOR = YES;
				GCC_WARN_UNINITIALIZED_AUTOS = YES_AGGRESSIVE;
				GCC_WARN_UNUSED_FUNCTION = YES;
				GCC_WARN_UNUSED_VARIABLE = YES;
				IPHONEOS_DEPLOYMENT_TARGET = 17.2;
				LOCALIZATION_PREFERS_STRING_CATALOGS = YES;
				MTL_ENABLE_DEBUG_INFO = NO;
				MTL_FAST_MATH = YES;
				SDKROOT = iphoneos;
				SWIFT_COMPILATION_MODE = wholemodule;
				VALIDATE_PRODUCT = YES;
			};
			name = Release;
		};
		3639DB802B9B80AB0006DA7C /* Debug */ = {
			isa = XCBuildConfiguration;
			buildSettings = {
				ASSETCATALOG_COMPILER_APPICON_NAME = AppIcon;
				ASSETCATALOG_COMPILER_GLOBAL_ACCENT_COLOR_NAME = AccentColor;
				CODE_SIGN_STYLE = Automatic;
				CURRENT_PROJECT_VERSION = 1;
				GENERATE_INFOPLIST_FILE = YES;
				INFOPLIST_FILE = Captcha/Info.plist;
				INFOPLIST_KEY_UIApplicationSupportsIndirectInputEvents = YES;
				INFOPLIST_KEY_UILaunchStoryboardName = LaunchScreen;
				INFOPLIST_KEY_UIMainStoryboardFile = Main;
				INFOPLIST_KEY_UISupportedInterfaceOrientations_iPad = "UIInterfaceOrientationPortrait UIInterfaceOrientationPortraitUpsideDown UIInterfaceOrientationLandscapeLeft UIInterfaceOrientationLandscapeRight";
				INFOPLIST_KEY_UISupportedInterfaceOrientations_iPhone = "UIInterfaceOrientationPortrait UIInterfaceOrientationLandscapeLeft UIInterfaceOrientationLandscapeRight";
				LD_RUNPATH_SEARCH_PATHS = (
					"$(inherited)",
					"@executable_path/Frameworks",
				);
				MARKETING_VERSION = 1.0;
				PRODUCT_BUNDLE_IDENTIFIER = com.example.Captcha;
				PRODUCT_NAME = "$(TARGET_NAME)";
				SWIFT_EMIT_LOC_STRINGS = YES;
				SWIFT_VERSION = 5.0;
				TARGETED_DEVICE_FAMILY = "1,2";
			};
			name = Debug;
		};
		3639DB812B9B80AB0006DA7C /* Release */ = {
			isa = XCBuildConfiguration;
			buildSettings = {
				ASSETCATALOG_COMPILER_APPICON_NAME = AppIcon;
				ASSETCATALOG_COMPILER_GLOBAL_ACCENT_COLOR_NAME = AccentColor;
				CODE_SIGN_STYLE = Automatic;
				CURRENT_PROJECT_VERSION = 1;
				GENERATE_INFOPLIST_FILE = YES;
				INFOPLIST_FILE = Captcha/Info.plist;
				INFOPLIST_KEY_UIApplicationSupportsIndirectInputEvents = YES;
				INFOPLIST_KEY_UILaunchStoryboardName = LaunchScreen;
				INFOPLIST_KEY_UIMainStoryboardFile = Main;
				INFOPLIST_KEY_UISupportedInterfaceOrientations_iPad = "UIInterfaceOrientationPortrait UIInterfaceOrientationPortraitUpsideDown UIInterfaceOrientationLandscapeLeft UIInterfaceOrientationLandscapeRight";
				INFOPLIST_KEY_UISupportedInterfaceOrientations_iPhone = "UIInterfaceOrientationPortrait UIInterfaceOrientationLandscapeLeft UIInterfaceOrientationLandscapeRight";
				LD_RUNPATH_SEARCH_PATHS = (
					"$(inherited)",
					"@executable_path/Frameworks",
				);
				MARKETING_VERSION = 1.0;
				PRODUCT_BUNDLE_IDENTIFIER = com.example.Captcha;
				PRODUCT_NAME = "$(TARGET_NAME)";
				SWIFT_EMIT_LOC_STRINGS = YES;
				SWIFT_VERSION = 5.0;
				TARGETED_DEVICE_FAMILY = "1,2";
			};
			name = Release;
		};
/* End XCBuildConfiguration section */

/* Begin XCConfigurationList section */
		3639DB662B9B80A90006DA7C /* Build configuration list for PBXProject "Captcha" */ = {
			isa = XCConfigurationList;
			buildConfigurations = (
				3639DB7D2B9B80AB0006DA7C /* Debug */,
				3639DB7E2B9B80AB0006DA7C /* Release */,
			);
			defaultConfigurationIsVisible = 0;
			defaultConfigurationName = Release;
		};
		3639DB7F2B9B80AB0006DA7C /* Build configuration list for PBXNativeTarget "Captcha" */ = {
			isa = XCConfigurationList;
			buildConfigurations = (
				3639DB802B9B80AB0006DA7C /* Debug */,
				3639DB812B9B80AB0006DA7C /* Release */,
			);
			defaultConfigurationIsVisible = 0;
			defaultConfigurationName = Release;
		};
/* End XCConfigurationList section */
	};
	rootObject = 3639DB632B9B80A90006DA7C /* Project object */;
}
