// !$*UTF8*$!
{
	archiveVersion = 1;
	classes = {
	};
	objectVersion = 56;
	objects = {

/* Begin PBXBuildFile section */
		366507DB2A9F9F0A00B154F7 /* AppDelegate.swift in Sources */ = {isa = PBXBuildFile; fileRef = 366507DA2A9F9F0A00B154F7 /* AppDelegate.swift */; };
		366507DD2A9F9F0A00B154F7 /* SceneDelegate.swift in Sources */ = {isa = PBXBuildFile; fileRef = 366507DC2A9F9F0A00B154F7 /* SceneDelegate.swift */; };
		366507DF2A9F9F0A00B154F7 /* ViewController.swift in Sources */ = {isa = PBXBuildFile; fileRef = 366507DE2A9F9F0A00B154F7 /* ViewController.swift */; };
		366507E22A9F9F0A00B154F7 /* Main.storyboard in Resources */ = {isa = PBXBuildFile; fileRef = 366507E02A9F9F0A00B154F7 /* Main.storyboard */; };
		366507E42A9F9F0C00B154F7 /* Assets.xcassets in Resources */ = {isa = PBXBuildFile; fileRef = 366507E32A9F9F0C00B154F7 /* Assets.xcassets */; };
		366507E72A9F9F0C00B154F7 /* LaunchScreen.storyboard in Resources */ = {isa = PBXBuildFile; fileRef = 366507E52A9F9F0C00B154F7 /* LaunchScreen.storyboard */; };
		366507F22A9F9F0D00B154F7 /* Whack_a_moleTests.swift in Sources */ = {isa = PBXBuildFile; fileRef = 366507F12A9F9F0D00B154F7 /* Whack_a_moleTests.swift */; };
		366507FC2A9F9F0D00B154F7 /* Whack_a_moleUITests.swift in Sources */ = {isa = PBXBuildFile; fileRef = 366507FB2A9F9F0D00B154F7 /* Whack_a_moleUITests.swift */; };
		366507FE2A9F9F0D00B154F7 /* Whack_a_moleUITestsLaunchTests.swift in Sources */ = {isa = PBXBuildFile; fileRef = 366507FD2A9F9F0D00B154F7 /* Whack_a_moleUITestsLaunchTests.swift */; };
/* End PBXBuildFile section */

/* Begin PBXContainerItemProxy section */
		366507EE2A9F9F0D00B154F7 /* PBXContainerItemProxy */ = {
			isa = PBXContainerItemProxy;
			containerPortal = 366507CF2A9F9F0A00B154F7 /* Project object */;
			proxyType = 1;
			remoteGlobalIDString = 366507D62A9F9F0A00B154F7;
			remoteInfo = "Whack-a-mole";
		};
		366507F82A9F9F0D00B154F7 /* PBXContainerItemProxy */ = {
			isa = PBXContainerItemProxy;
			containerPortal = 366507CF2A9F9F0A00B154F7 /* Project object */;
			proxyType = 1;
			remoteGlobalIDString = 366507D62A9F9F0A00B154F7;
			remoteInfo = "Whack-a-mole";
		};
/* End PBXContainerItemProxy section */

/* Begin PBXFileReference section */
		366507D72A9F9F0A00B154F7 /* Whack-a-mole.app */ = {isa = PBXFileReference; explicitFileType = wrapper.application; includeInIndex = 0; path = "Whack-a-mole.app"; sourceTree = BUILT_PRODUCTS_DIR; };
		366507DA2A9F9F0A00B154F7 /* AppDelegate.swift */ = {isa = PBXFileReference; lastKnownFileType = sourcecode.swift; path = AppDelegate.swift; sourceTree = "<group>"; };
		366507DC2A9F9F0A00B154F7 /* SceneDelegate.swift */ = {isa = PBXFileReference; lastKnownFileType = sourcecode.swift; path = SceneDelegate.swift; sourceTree = "<group>"; };
		366507DE2A9F9F0A00B154F7 /* ViewController.swift */ = {isa = PBXFileReference; lastKnownFileType = sourcecode.swift; path = ViewController.swift; sourceTree = "<group>"; };
		366507E12A9F9F0A00B154F7 /* Base */ = {isa = PBXFileReference; lastKnownFileType = file.storyboard; name = Base; path = Base.lproj/Main.storyboard; sourceTree = "<group>"; };
		366507E32A9F9F0C00B154F7 /* Assets.xcassets */ = {isa = PBXFileReference; lastKnownFileType = folder.assetcatalog; path = Assets.xcassets; sourceTree = "<group>"; };
		366507E62A9F9F0C00B154F7 /* Base */ = {isa = PBXFileReference; lastKnownFileType = file.storyboard; name = Base; path = Base.lproj/LaunchScreen.storyboard; sourceTree = "<group>"; };
		366507E82A9F9F0C00B154F7 /* Info.plist */ = {isa = PBXFileReference; lastKnownFileType = text.plist.xml; path = Info.plist; sourceTree = "<group>"; };
		366507ED2A9F9F0D00B154F7 /* Whack-a-moleTests.xctest */ = {isa = PBXFileReference; explicitFileType = wrapper.cfbundle; includeInIndex = 0; path = "Whack-a-moleTests.xctest"; sourceTree = BUILT_PRODUCTS_DIR; };
		366507F12A9F9F0D00B154F7 /* Whack_a_moleTests.swift */ = {isa = PBXFileReference; lastKnownFileType = sourcecode.swift; path = Whack_a_moleTests.swift; sourceTree = "<group>"; };
		366507F72A9F9F0D00B154F7 /* Whack-a-moleUITests.xctest */ = {isa = PBXFileReference; explicitFileType = wrapper.cfbundle; includeInIndex = 0; path = "Whack-a-moleUITests.xctest"; sourceTree = BUILT_PRODUCTS_DIR; };
		366507FB2A9F9F0D00B154F7 /* Whack_a_moleUITests.swift */ = {isa = PBXFileReference; lastKnownFileType = sourcecode.swift; path = Whack_a_moleUITests.swift; sourceTree = "<group>"; };
		366507FD2A9F9F0D00B154F7 /* Whack_a_moleUITestsLaunchTests.swift */ = {isa = PBXFileReference; lastKnownFileType = sourcecode.swift; path = Whack_a_moleUITestsLaunchTests.swift; sourceTree = "<group>"; };
/* End PBXFileReference section */

/* Begin PBXFrameworksBuildPhase section */
		366507D42A9F9F0A00B154F7 /* Frameworks */ = {
			isa = PBXFrameworksBuildPhase;
			buildActionMask = 2147483647;
			files = (
			);
			runOnlyForDeploymentPostprocessing = 0;
		};
		366507EA2A9F9F0D00B154F7 /* Frameworks */ = {
			isa = PBXFrameworksBuildPhase;
			buildActionMask = 2147483647;
			files = (
			);
			runOnlyForDeploymentPostprocessing = 0;
		};
		366507F42A9F9F0D00B154F7 /* Frameworks */ = {
			isa = PBXFrameworksBuildPhase;
			buildActionMask = 2147483647;
			files = (
			);
			runOnlyForDeploymentPostprocessing = 0;
		};
/* End PBXFrameworksBuildPhase section */

/* Begin PBXGroup section */
		366507CE2A9F9F0A00B154F7 = {
			isa = PBXGroup;
			children = (
				366507D92A9F9F0A00B154F7 /* Whack-a-mole */,
				366507F02A9F9F0D00B154F7 /* Whack-a-moleTests */,
				366507FA2A9F9F0D00B154F7 /* Whack-a-moleUITests */,
				366507D82A9F9F0A00B154F7 /* Products */,
			);
			sourceTree = "<group>";
		};
		366507D82A9F9F0A00B154F7 /* Products */ = {
			isa = PBXGroup;
			children = (
				366507D72A9F9F0A00B154F7 /* Whack-a-mole.app */,
				366507ED2A9F9F0D00B154F7 /* Whack-a-moleTests.xctest */,
				366507F72A9F9F0D00B154F7 /* Whack-a-moleUITests.xctest */,
			);
			name = Products;
			sourceTree = "<group>";
		};
		366507D92A9F9F0A00B154F7 /* Whack-a-mole */ = {
			isa = PBXGroup;
			children = (
				366507DA2A9F9F0A00B154F7 /* AppDelegate.swift */,
				366507DC2A9F9F0A00B154F7 /* SceneDelegate.swift */,
				366507DE2A9F9F0A00B154F7 /* ViewController.swift */,
				366507E02A9F9F0A00B154F7 /* Main.storyboard */,
				366507E32A9F9F0C00B154F7 /* Assets.xcassets */,
				366507E52A9F9F0C00B154F7 /* LaunchScreen.storyboard */,
				366507E82A9F9F0C00B154F7 /* Info.plist */,
			);
			path = "Whack-a-mole";
			sourceTree = "<group>";
		};
		366507F02A9F9F0D00B154F7 /* Whack-a-moleTests */ = {
			isa = PBXGroup;
			children = (
				366507F12A9F9F0D00B154F7 /* Whack_a_moleTests.swift */,
			);
			path = "Whack-a-moleTests";
			sourceTree = "<group>";
		};
		366507FA2A9F9F0D00B154F7 /* Whack-a-moleUITests */ = {
			isa = PBXGroup;
			children = (
				366507FB2A9F9F0D00B154F7 /* Whack_a_moleUITests.swift */,
				366507FD2A9F9F0D00B154F7 /* Whack_a_moleUITestsLaunchTests.swift */,
			);
			path = "Whack-a-moleUITests";
			sourceTree = "<group>";
		};
/* End PBXGroup section */

/* Begin PBXNativeTarget section */
		366507D62A9F9F0A00B154F7 /* Whack-a-mole */ = {
			isa = PBXNativeTarget;
			buildConfigurationList = 366508012A9F9F0D00B154F7 /* Build configuration list for PBXNativeTarget "Whack-a-mole" */;
			buildPhases = (
				366507D32A9F9F0A00B154F7 /* Sources */,
				366507D42A9F9F0A00B154F7 /* Frameworks */,
				366507D52A9F9F0A00B154F7 /* Resources */,
			);
			buildRules = (
			);
			dependencies = (
			);
			name = "Whack-a-mole";
			productName = "Whack-a-mole";
			productReference = 366507D72A9F9F0A00B154F7 /* Whack-a-mole.app */;
			productType = "com.apple.product-type.application";
		};
		366507EC2A9F9F0D00B154F7 /* Whack-a-moleTests */ = {
			isa = PBXNativeTarget;
			buildConfigurationList = 366508042A9F9F0D00B154F7 /* Build configuration list for PBXNativeTarget "Whack-a-moleTests" */;
			buildPhases = (
				366507E92A9F9F0D00B154F7 /* Sources */,
				366507EA2A9F9F0D00B154F7 /* Frameworks */,
				366507EB2A9F9F0D00B154F7 /* Resources */,
			);
			buildRules = (
			);
			dependencies = (
				366507EF2A9F9F0D00B154F7 /* PBXTargetDependency */,
			);
			name = "Whack-a-moleTests";
			productName = "Whack-a-moleTests";
			productReference = 366507ED2A9F9F0D00B154F7 /* Whack-a-moleTests.xctest */;
			productType = "com.apple.product-type.bundle.unit-test";
		};
		366507F62A9F9F0D00B154F7 /* Whack-a-moleUITests */ = {
			isa = PBXNativeTarget;
			buildConfigurationList = 366508072A9F9F0D00B154F7 /* Build configuration list for PBXNativeTarget "Whack-a-moleUITests" */;
			buildPhases = (
				366507F32A9F9F0D00B154F7 /* Sources */,
				366507F42A9F9F0D00B154F7 /* Frameworks */,
				366507F52A9F9F0D00B154F7 /* Resources */,
			);
			buildRules = (
			);
			dependencies = (
				366507F92A9F9F0D00B154F7 /* PBXTargetDependency */,
			);
			name = "Whack-a-moleUITests";
			productName = "Whack-a-moleUITests";
			productReference = 366507F72A9F9F0D00B154F7 /* Whack-a-moleUITests.xctest */;
			productType = "com.apple.product-type.bundle.ui-testing";
		};
/* End PBXNativeTarget section */

/* Begin PBXProject section */
		366507CF2A9F9F0A00B154F7 /* Project object */ = {
			isa = PBXProject;
			attributes = {
				BuildIndependentTargetsInParallel = 1;
				LastSwiftUpdateCheck = 1430;
				LastUpgradeCheck = 1430;
				TargetAttributes = {
					366507D62A9F9F0A00B154F7 = {
						CreatedOnToolsVersion = 14.3.1;
					};
					366507EC2A9F9F0D00B154F7 = {
						CreatedOnToolsVersion = 14.3.1;
						TestTargetID = 366507D62A9F9F0A00B154F7;
					};
					366507F62A9F9F0D00B154F7 = {
						CreatedOnToolsVersion = 14.3.1;
						TestTargetID = 366507D62A9F9F0A00B154F7;
					};
				};
			};
			buildConfigurationList = 366507D22A9F9F0A00B154F7 /* Build configuration list for PBXProject "Whack-a-mole" */;
			compatibilityVersion = "Xcode 14.0";
			developmentRegion = en;
			hasScannedForEncodings = 0;
			knownRegions = (
				en,
				Base,
			);
			mainGroup = 366507CE2A9F9F0A00B154F7;
			productRefGroup = 366507D82A9F9F0A00B154F7 /* Products */;
			projectDirPath = "";
			projectRoot = "";
			targets = (
				366507D62A9F9F0A00B154F7 /* Whack-a-mole */,
				366507EC2A9F9F0D00B154F7 /* Whack-a-moleTests */,
				366507F62A9F9F0D00B154F7 /* Whack-a-moleUITests */,
			);
		};
/* End PBXProject section */

/* Begin PBXResourcesBuildPhase section */
		366507D52A9F9F0A00B154F7 /* Resources */ = {
			isa = PBXResourcesBuildPhase;
			buildActionMask = 2147483647;
			files = (
				366507E72A9F9F0C00B154F7 /* LaunchScreen.storyboard in Resources */,
				366507E42A9F9F0C00B154F7 /* Assets.xcassets in Resources */,
				366507E22A9F9F0A00B154F7 /* Main.storyboard in Resources */,
			);
			runOnlyForDeploymentPostprocessing = 0;
		};
		366507EB2A9F9F0D00B154F7 /* Resources */ = {
			isa = PBXResourcesBuildPhase;
			buildActionMask = 2147483647;
			files = (
			);
			runOnlyForDeploymentPostprocessing = 0;
		};
		366507F52A9F9F0D00B154F7 /* Resources */ = {
			isa = PBXResourcesBuildPhase;
			buildActionMask = 2147483647;
			files = (
			);
			runOnlyForDeploymentPostprocessing = 0;
		};
/* End PBXResourcesBuildPhase section */

/* Begin PBXSourcesBuildPhase section */
		366507D32A9F9F0A00B154F7 /* Sources */ = {
			isa = PBXSourcesBuildPhase;
			buildActionMask = 2147483647;
			files = (
				366507DF2A9F9F0A00B154F7 /* ViewController.swift in Sources */,
				366507DB2A9F9F0A00B154F7 /* AppDelegate.swift in Sources */,
				366507DD2A9F9F0A00B154F7 /* SceneDelegate.swift in Sources */,
			);
			runOnlyForDeploymentPostprocessing = 0;
		};
		366507E92A9F9F0D00B154F7 /* Sources */ = {
			isa = PBXSourcesBuildPhase;
			buildActionMask = 2147483647;
			files = (
				366507F22A9F9F0D00B154F7 /* Whack_a_moleTests.swift in Sources */,
			);
			runOnlyForDeploymentPostprocessing = 0;
		};
		366507F32A9F9F0D00B154F7 /* Sources */ = {
			isa = PBXSourcesBuildPhase;
			buildActionMask = 2147483647;
			files = (
				366507FE2A9F9F0D00B154F7 /* Whack_a_moleUITestsLaunchTests.swift in Sources */,
				366507FC2A9F9F0D00B154F7 /* Whack_a_moleUITests.swift in Sources */,
			);
			runOnlyForDeploymentPostprocessing = 0;
		};
/* End PBXSourcesBuildPhase section */

/* Begin PBXTargetDependency section */
		366507EF2A9F9F0D00B154F7 /* PBXTargetDependency */ = {
			isa = PBXTargetDependency;
			target = 366507D62A9F9F0A00B154F7 /* Whack-a-mole */;
			targetProxy = 366507EE2A9F9F0D00B154F7 /* PBXContainerItemProxy */;
		};
		366507F92A9F9F0D00B154F7 /* PBXTargetDependency */ = {
			isa = PBXTargetDependency;
			target = 366507D62A9F9F0A00B154F7 /* Whack-a-mole */;
			targetProxy = 366507F82A9F9F0D00B154F7 /* PBXContainerItemProxy */;
		};
/* End PBXTargetDependency section */

/* Begin PBXVariantGroup section */
		366507E02A9F9F0A00B154F7 /* Main.storyboard */ = {
			isa = PBXVariantGroup;
			children = (
				366507E12A9F9F0A00B154F7 /* Base */,
			);
			name = Main.storyboard;
			sourceTree = "<group>";
		};
		366507E52A9F9F0C00B154F7 /* LaunchScreen.storyboard */ = {
			isa = PBXVariantGroup;
			children = (
				366507E62A9F9F0C00B154F7 /* Base */,
			);
			name = LaunchScreen.storyboard;
			sourceTree = "<group>";
		};
/* End PBXVariantGroup section */

/* Begin XCBuildConfiguration section */
		366507FF2A9F9F0D00B154F7 /* Debug */ = {
			isa = XCBuildConfiguration;
			buildSettings = {
				ALWAYS_SEARCH_USER_PATHS = NO;
				CLANG_ANALYZER_NONNULL = YES;
				CLANG_ANALYZER_NUMBER_OBJECT_CONVERSION = YES_AGGRESSIVE;
				CLANG_CXX_LANGUAGE_STANDARD = "gnu++20";
				CLANG_ENABLE_MODULES = YES;
				CLANG_ENABLE_OBJC_ARC = YES;
				CLANG_ENABLE_OBJC_WEAK = YES;
				CLANG_WARN_BLOCK_CAPTURE_AUTORELEASING = YES;
				CLANG_WARN_BOOL_CONVERSION = YES;
				CLANG_WARN_COMMA = YES;
				CLANG_WARN_CONSTANT_CONVERSION = YES;
				CLANG_WARN_DEPRECATED_OBJC_IMPLEMENTATIONS = YES;
				CLANG_WARN_DIRECT_OBJC_ISA_USAGE = YES_ERROR;
				CLANG_WARN_DOCUMENTATION_COMMENTS = YES;
				CLANG_WARN_EMPTY_BODY = YES;
				CLANG_WARN_ENUM_CONVERSION = YES;
				CLANG_WARN_INFINITE_RECURSION = YES;
				CLANG_WARN_INT_CONVERSION = YES;
				CLANG_WARN_NON_LITERAL_NULL_CONVERSION = YES;
				CLANG_WARN_OBJC_IMPLICIT_RETAIN_SELF = YES;
				CLANG_WARN_OBJC_LITERAL_CONVERSION = YES;
				CLANG_WARN_OBJC_ROOT_CLASS = YES_ERROR;
				CLANG_WARN_QUOTED_INCLUDE_IN_FRAMEWORK_HEADER = YES;
				CLANG_WARN_RANGE_LOOP_ANALYSIS = YES;
				CLANG_WARN_STRICT_PROTOTYPES = YES;
				CLANG_WARN_SUSPICIOUS_MOVE = YES;
				CLANG_WARN_UNGUARDED_AVAILABILITY = YES_AGGRESSIVE;
				CLANG_WARN_UNREACHABLE_CODE = YES;
				CLANG_WARN__DUPLICATE_METHOD_MATCH = YES;
				COPY_PHASE_STRIP = NO;
				DEBUG_INFORMATION_FORMAT = dwarf;
				ENABLE_STRICT_OBJC_MSGSEND = YES;
				ENABLE_TESTABILITY = YES;
				GCC_C_LANGUAGE_STANDARD = gnu11;
				GCC_DYNAMIC_NO_PIC = NO;
				GCC_NO_COMMON_BLOCKS = YES;
				GCC_OPTIMIZATION_LEVEL = 0;
				GCC_PREPROCESSOR_DEFINITIONS = (
					"DEBUG=1",
					"$(inherited)",
				);
				GCC_WARN_64_TO_32_BIT_CONVERSION = YES;
				GCC_WARN_ABOUT_RETURN_TYPE = YES_ERROR;
				GCC_WARN_UNDECLARED_SELECTOR = YES;
				GCC_WARN_UNINITIALIZED_AUTOS = YES_AGGRESSIVE;
				GCC_WARN_UNUSED_FUNCTION = YES;
				GCC_WARN_UNUSED_VARIABLE = YES;
				IPHONEOS_DEPLOYMENT_TARGET = 16.4;
				MTL_ENABLE_DEBUG_INFO = INCLUDE_SOURCE;
				MTL_FAST_MATH = YES;
				ONLY_ACTIVE_ARCH = YES;
				SDKROOT = iphoneos;
				SWIFT_ACTIVE_COMPILATION_CONDITIONS = DEBUG;
				SWIFT_OPTIMIZATION_LEVEL = "-Onone";
			};
			name = Debug;
		};
		366508002A9F9F0D00B154F7 /* Release */ = {
			isa = XCBuildConfiguration;
			buildSettings = {
				ALWAYS_SEARCH_USER_PATHS = NO;
				CLANG_ANALYZER_NONNULL = YES;
				CLANG_ANALYZER_NUMBER_OBJECT_CONVERSION = YES_AGGRESSIVE;
				CLANG_CXX_LANGUAGE_STANDARD = "gnu++20";
				CLANG_ENABLE_MODULES = YES;
				CLANG_ENABLE_OBJC_ARC = YES;
				CLANG_ENABLE_OBJC_WEAK = YES;
				CLANG_WARN_BLOCK_CAPTURE_AUTORELEASING = YES;
				CLANG_WARN_BOOL_CONVERSION = YES;
				CLANG_WARN_COMMA = YES;
				CLANG_WARN_CONSTANT_CONVERSION = YES;
				CLANG_WARN_DEPRECATED_OBJC_IMPLEMENTATIONS = YES;
				CLANG_WARN_DIRECT_OBJC_ISA_USAGE = YES_ERROR;
				CLANG_WARN_DOCUMENTATION_COMMENTS = YES;
				CLANG_WARN_EMPTY_BODY = YES;
				CLANG_WARN_ENUM_CONVERSION = YES;
				CLANG_WARN_INFINITE_RECURSION = YES;
				CLANG_WARN_INT_CONVERSION = YES;
				CLANG_WARN_NON_LITERAL_NULL_CONVERSION = YES;
				CLANG_WARN_OBJC_IMPLICIT_RETAIN_SELF = YES;
				CLANG_WARN_OBJC_LITERAL_CONVERSION = YES;
				CLANG_WARN_OBJC_ROOT_CLASS = YES_ERROR;
				CLANG_WARN_QUOTED_INCLUDE_IN_FRAMEWORK_HEADER = YES;
				CLANG_WARN_RANGE_LOOP_ANALYSIS = YES;
				CLANG_WARN_STRICT_PROTOTYPES = YES;
				CLANG_WARN_SUSPICIOUS_MOVE = YES;
				CLANG_WARN_UNGUARDED_AVAILABILITY = YES_AGGRESSIVE;
				CLANG_WARN_UNREACHABLE_CODE = YES;
				CLANG_WARN__DUPLICATE_METHOD_MATCH = YES;
				COPY_PHASE_STRIP = NO;
				DEBUG_INFORMATION_FORMAT = "dwarf-with-dsym";
				ENABLE_NS_ASSERTIONS = NO;
				ENABLE_STRICT_OBJC_MSGSEND = YES;
				GCC_C_LANGUAGE_STANDARD = gnu11;
				GCC_NO_COMMON_BLOCKS = YES;
				GCC_WARN_64_TO_32_BIT_CONVERSION = YES;
				GCC_WARN_ABOUT_RETURN_TYPE = YES_ERROR;
				GCC_WARN_UNDECLARED_SELECTOR = YES;
				GCC_WARN_UNINITIALIZED_AUTOS = YES_AGGRESSIVE;
				GCC_WARN_UNUSED_FUNCTION = YES;
				GCC_WARN_UNUSED_VARIABLE = YES;
				IPHONEOS_DEPLOYMENT_TARGET = 16.4;
				MTL_ENABLE_DEBUG_INFO = NO;
				MTL_FAST_MATH = YES;
				SDKROOT = iphoneos;
				SWIFT_COMPILATION_MODE = wholemodule;
				SWIFT_OPTIMIZATION_LEVEL = "-O";
				VALIDATE_PRODUCT = YES;
			};
			name = Release;
		};
		366508022A9F9F0D00B154F7 /* Debug */ = {
			isa = XCBuildConfiguration;
			buildSettings = {
				ASSETCATALOG_COMPILER_APPICON_NAME = AppIcon;
				ASSETCATALOG_COMPILER_GLOBAL_ACCENT_COLOR_NAME = AccentColor;
				CODE_SIGN_STYLE = Automatic;
				CURRENT_PROJECT_VERSION = 1;
				GENERATE_INFOPLIST_FILE = YES;
				INFOPLIST_FILE = "Whack-a-mole/Info.plist";
				INFOPLIST_KEY_UIApplicationSupportsIndirectInputEvents = YES;
				INFOPLIST_KEY_UILaunchStoryboardName = LaunchScreen;
				INFOPLIST_KEY_UIMainStoryboardFile = Main;
				INFOPLIST_KEY_UISupportedInterfaceOrientations_iPad = "UIInterfaceOrientationPortrait UIInterfaceOrientationPortraitUpsideDown UIInterfaceOrientationLandscapeLeft UIInterfaceOrientationLandscapeRight";
				INFOPLIST_KEY_UISupportedInterfaceOrientations_iPhone = "UIInterfaceOrientationPortrait UIInterfaceOrientationLandscapeLeft UIInterfaceOrientationLandscapeRight";
				LD_RUNPATH_SEARCH_PATHS = (
					"$(inherited)",
					"@executable_path/Frameworks",
				);
				MARKETING_VERSION = 1.0;
				PRODUCT_BUNDLE_IDENTIFIER = "com.example.Whack-a-mole";
				PRODUCT_NAME = "$(TARGET_NAME)";
				SWIFT_EMIT_LOC_STRINGS = YES;
				SWIFT_VERSION = 5.0;
				TARGETED_DEVICE_FAMILY = "1,2";
			};
			name = Debug;
		};
		366508032A9F9F0D00B154F7 /* Release */ = {
			isa = XCBuildConfiguration;
			buildSettings = {
				ASSETCATALOG_COMPILER_APPICON_NAME = AppIcon;
				ASSETCATALOG_COMPILER_GLOBAL_ACCENT_COLOR_NAME = AccentColor;
				CODE_SIGN_STYLE = Automatic;
				CURRENT_PROJECT_VERSION = 1;
				GENERATE_INFOPLIST_FILE = YES;
				INFOPLIST_FILE = "Whack-a-mole/Info.plist";
				INFOPLIST_KEY_UIApplicationSupportsIndirectInputEvents = YES;
				INFOPLIST_KEY_UILaunchStoryboardName = LaunchScreen;
				INFOPLIST_KEY_UIMainStoryboardFile = Main;
				INFOPLIST_KEY_UISupportedInterfaceOrientations_iPad = "UIInterfaceOrientationPortrait UIInterfaceOrientationPortraitUpsideDown UIInterfaceOrientationLandscapeLeft UIInterfaceOrientationLandscapeRight";
				INFOPLIST_KEY_UISupportedInterfaceOrientations_iPhone = "UIInterfaceOrientationPortrait UIInterfaceOrientationLandscapeLeft UIInterfaceOrientationLandscapeRight";
				LD_RUNPATH_SEARCH_PATHS = (
					"$(inherited)",
					"@executable_path/Frameworks",
				);
				MARKETING_VERSION = 1.0;
				PRODUCT_BUNDLE_IDENTIFIER = "com.example.Whack-a-mole";
				PRODUCT_NAME = "$(TARGET_NAME)";
				SWIFT_EMIT_LOC_STRINGS = YES;
				SWIFT_VERSION = 5.0;
				TARGETED_DEVICE_FAMILY = "1,2";
			};
			name = Release;
		};
		366508052A9F9F0D00B154F7 /* Debug */ = {
			isa = XCBuildConfiguration;
			buildSettings = {
				ALWAYS_EMBED_SWIFT_STANDARD_LIBRARIES = YES;
				BUNDLE_LOADER = "$(TEST_HOST)";
				CODE_SIGN_STYLE = Automatic;
				CURRENT_PROJECT_VERSION = 1;
				GENERATE_INFOPLIST_FILE = YES;
				IPHONEOS_DEPLOYMENT_TARGET = 16.4;
				MARKETING_VERSION = 1.0;
				PRODUCT_BUNDLE_IDENTIFIER = "com.example.Whack-a-moleTests";
				PRODUCT_NAME = "$(TARGET_NAME)";
				SWIFT_EMIT_LOC_STRINGS = NO;
				SWIFT_VERSION = 5.0;
				TARGETED_DEVICE_FAMILY = "1,2";
				TEST_HOST = "$(BUILT_PRODUCTS_DIR)/Whack-a-mole.app/$(BUNDLE_EXECUTABLE_FOLDER_PATH)/Whack-a-mole";
			};
			name = Debug;
		};
		366508062A9F9F0D00B154F7 /* Release */ = {
			isa = XCBuildConfiguration;
			buildSettings = {
				ALWAYS_EMBED_SWIFT_STANDARD_LIBRARIES = YES;
				BUNDLE_LOADER = "$(TEST_HOST)";
				CODE_SIGN_STYLE = Automatic;
				CURRENT_PROJECT_VERSION = 1;
				GENERATE_INFOPLIST_FILE = YES;
				IPHONEOS_DEPLOYMENT_TARGET = 16.4;
				MARKETING_VERSION = 1.0;
				PRODUCT_BUNDLE_IDENTIFIER = "com.example.Whack-a-moleTests";
				PRODUCT_NAME = "$(TARGET_NAME)";
				SWIFT_EMIT_LOC_STRINGS = NO;
				SWIFT_VERSION = 5.0;
				TARGETED_DEVICE_FAMILY = "1,2";
				TEST_HOST = "$(BUILT_PRODUCTS_DIR)/Whack-a-mole.app/$(BUNDLE_EXECUTABLE_FOLDER_PATH)/Whack-a-mole";
			};
			name = Release;
		};
		366508082A9F9F0D00B154F7 /* Debug */ = {
			isa = XCBuildConfiguration;
			buildSettings = {
				ALWAYS_EMBED_SWIFT_STANDARD_LIBRARIES = YES;
				CODE_SIGN_STYLE = Automatic;
				CURRENT_PROJECT_VERSION = 1;
				GENERATE_INFOPLIST_FILE = YES;
				MARKETING_VERSION = 1.0;
				PRODUCT_BUNDLE_IDENTIFIER = "com.example.Whack-a-moleUITests";
				PRODUCT_NAME = "$(TARGET_NAME)";
				SWIFT_EMIT_LOC_STRINGS = NO;
				SWIFT_VERSION = 5.0;
				TARGETED_DEVICE_FAMILY = "1,2";
				TEST_TARGET_NAME = "Whack-a-mole";
			};
			name = Debug;
		};
		366508092A9F9F0D00B154F7 /* Release */ = {
			isa = XCBuildConfiguration;
			buildSettings = {
				ALWAYS_EMBED_SWIFT_STANDARD_LIBRARIES = YES;
				CODE_SIGN_STYLE = Automatic;
				CURRENT_PROJECT_VERSION = 1;
				GENERATE_INFOPLIST_FILE = YES;
				MARKETING_VERSION = 1.0;
				PRODUCT_BUNDLE_IDENTIFIER = "com.example.Whack-a-moleUITests";
				PRODUCT_NAME = "$(TARGET_NAME)";
				SWIFT_EMIT_LOC_STRINGS = NO;
				SWIFT_VERSION = 5.0;
				TARGETED_DEVICE_FAMILY = "1,2";
				TEST_TARGET_NAME = "Whack-a-mole";
			};
			name = Release;
		};
/* End XCBuildConfiguration section */

/* Begin XCConfigurationList section */
		366507D22A9F9F0A00B154F7 /* Build configuration list for PBXProject "Whack-a-mole" */ = {
			isa = XCConfigurationList;
			buildConfigurations = (
				366507FF2A9F9F0D00B154F7 /* Debug */,
				366508002A9F9F0D00B154F7 /* Release */,
			);
			defaultConfigurationIsVisible = 0;
			defaultConfigurationName = Release;
		};
		366508012A9F9F0D00B154F7 /* Build configuration list for PBXNativeTarget "Whack-a-mole" */ = {
			isa = XCConfigurationList;
			buildConfigurations = (
				366508022A9F9F0D00B154F7 /* Debug */,
				366508032A9F9F0D00B154F7 /* Release */,
			);
			defaultConfigurationIsVisible = 0;
			defaultConfigurationName = Release;
		};
		366508042A9F9F0D00B154F7 /* Build configuration list for PBXNativeTarget "Whack-a-moleTests" */ = {
			isa = XCConfigurationList;
			buildConfigurations = (
				366508052A9F9F0D00B154F7 /* Debug */,
				366508062A9F9F0D00B154F7 /* Release */,
			);
			defaultConfigurationIsVisible = 0;
			defaultConfigurationName = Release;
		};
		366508072A9F9F0D00B154F7 /* Build configuration list for PBXNativeTarget "Whack-a-moleUITests" */ = {
			isa = XCConfigurationList;
			buildConfigurations = (
				366508082A9F9F0D00B154F7 /* Debug */,
				366508092A9F9F0D00B154F7 /* Release */,
			);
			defaultConfigurationIsVisible = 0;
			defaultConfigurationName = Release;
		};
/* End XCConfigurationList section */
	};
	rootObject = 366507CF2A9F9F0A00B154F7 /* Project object */;
}
