// !$*UTF8*$!
{
	archiveVersion = 1;
	classes = {
	};
	objectVersion = 56;
	objects = {

/* Begin PBXBuildFile section */
		361E6E902B03EC170072A824 /* AppDelegate.swift in Sources */ = {isa = PBXBuildFile; fileRef = 361E6E8F2B03EC170072A824 /* AppDelegate.swift */; };
		361E6E922B03EC170072A824 /* SceneDelegate.swift in Sources */ = {isa = PBXBuildFile; fileRef = 361E6E912B03EC170072A824 /* SceneDelegate.swift */; };
		361E6E942B03EC170072A824 /* ViewController.swift in Sources */ = {isa = PBXBuildFile; fileRef = 361E6E932B03EC170072A824 /* ViewController.swift */; };
		361E6E972B03EC170072A824 /* Main.storyboard in Resources */ = {isa = PBXBuildFile; fileRef = 361E6E952B03EC170072A824 /* Main.storyboard */; };
		361E6E992B03EC180072A824 /* Assets.xcassets in Resources */ = {isa = PBXBuildFile; fileRef = 361E6E982B03EC180072A824 /* Assets.xcassets */; };
		361E6E9C2B03EC190072A824 /* LaunchScreen.storyboard in Resources */ = {isa = PBXBuildFile; fileRef = 361E6E9A2B03EC190072A824 /* LaunchScreen.storyboard */; };
		361E6EA72B03EC190072A824 /* ApplePieTests.swift in Sources */ = {isa = PBXBuildFile; fileRef = 361E6EA62B03EC190072A824 /* ApplePieTests.swift */; };
		361E6EB12B03EC190072A824 /* ApplePieUITests.swift in Sources */ = {isa = PBXBuildFile; fileRef = 361E6EB02B03EC190072A824 /* ApplePieUITests.swift */; };
		361E6EB32B03EC190072A824 /* ApplePieUITestsLaunchTests.swift in Sources */ = {isa = PBXBuildFile; fileRef = 361E6EB22B03EC190072A824 /* ApplePieUITestsLaunchTests.swift */; };
		36C9AC202B06909F008CDEC2 /* Game.swift in Sources */ = {isa = PBXBuildFile; fileRef = 36C9AC1F2B06909F008CDEC2 /* Game.swift */; };
/* End PBXBuildFile section */

/* Begin PBXContainerItemProxy section */
		361E6EA32B03EC190072A824 /* PBXContainerItemProxy */ = {
			isa = PBXContainerItemProxy;
			containerPortal = 361E6E842B03EC170072A824 /* Project object */;
			proxyType = 1;
			remoteGlobalIDString = 361E6E8B2B03EC170072A824;
			remoteInfo = ApplePie;
		};
		361E6EAD2B03EC190072A824 /* PBXContainerItemProxy */ = {
			isa = PBXContainerItemProxy;
			containerPortal = 361E6E842B03EC170072A824 /* Project object */;
			proxyType = 1;
			remoteGlobalIDString = 361E6E8B2B03EC170072A824;
			remoteInfo = ApplePie;
		};
/* End PBXContainerItemProxy section */

/* Begin PBXFileReference section */
		361E6E8C2B03EC170072A824 /* ApplePie.app */ = {isa = PBXFileReference; explicitFileType = wrapper.application; includeInIndex = 0; path = ApplePie.app; sourceTree = BUILT_PRODUCTS_DIR; };
		361E6E8F2B03EC170072A824 /* AppDelegate.swift */ = {isa = PBXFileReference; lastKnownFileType = sourcecode.swift; path = AppDelegate.swift; sourceTree = "<group>"; };
		361E6E912B03EC170072A824 /* SceneDelegate.swift */ = {isa = PBXFileReference; lastKnownFileType = sourcecode.swift; path = SceneDelegate.swift; sourceTree = "<group>"; };
		361E6E932B03EC170072A824 /* ViewController.swift */ = {isa = PBXFileReference; lastKnownFileType = sourcecode.swift; path = ViewController.swift; sourceTree = "<group>"; };
		361E6E962B03EC170072A824 /* Base */ = {isa = PBXFileReference; lastKnownFileType = file.storyboard; name = Base; path = Base.lproj/Main.storyboard; sourceTree = "<group>"; };
		361E6E982B03EC180072A824 /* Assets.xcassets */ = {isa = PBXFileReference; lastKnownFileType = folder.assetcatalog; path = Assets.xcassets; sourceTree = "<group>"; };
		361E6E9B2B03EC190072A824 /* Base */ = {isa = PBXFileReference; lastKnownFileType = file.storyboard; name = Base; path = Base.lproj/LaunchScreen.storyboard; sourceTree = "<group>"; };
		361E6E9D2B03EC190072A824 /* Info.plist */ = {isa = PBXFileReference; lastKnownFileType = text.plist.xml; path = Info.plist; sourceTree = "<group>"; };
		361E6EA22B03EC190072A824 /* ApplePieTests.xctest */ = {isa = PBXFileReference; explicitFileType = wrapper.cfbundle; includeInIndex = 0; path = ApplePieTests.xctest; sourceTree = BUILT_PRODUCTS_DIR; };
		361E6EA62B03EC190072A824 /* ApplePieTests.swift */ = {isa = PBXFileReference; lastKnownFileType = sourcecode.swift; path = ApplePieTests.swift; sourceTree = "<group>"; };
		361E6EAC2B03EC190072A824 /* ApplePieUITests.xctest */ = {isa = PBXFileReference; explicitFileType = wrapper.cfbundle; includeInIndex = 0; path = ApplePieUITests.xctest; sourceTree = BUILT_PRODUCTS_DIR; };
		361E6EB02B03EC190072A824 /* ApplePieUITests.swift */ = {isa = PBXFileReference; lastKnownFileType = sourcecode.swift; path = ApplePieUITests.swift; sourceTree = "<group>"; };
		361E6EB22B03EC190072A824 /* ApplePieUITestsLaunchTests.swift */ = {isa = PBXFileReference; lastKnownFileType = sourcecode.swift; path = ApplePieUITestsLaunchTests.swift; sourceTree = "<group>"; };
		36C9AC1F2B06909F008CDEC2 /* Game.swift */ = {isa = PBXFileReference; lastKnownFileType = sourcecode.swift; path = Game.swift; sourceTree = "<group>"; };
/* End PBXFileReference section */

/* Begin PBXFrameworksBuildPhase section */
		361E6E892B03EC170072A824 /* Frameworks */ = {
			isa = PBXFrameworksBuildPhase;
			buildActionMask = 2147483647;
			files = (
			);
			runOnlyForDeploymentPostprocessing = 0;
		};
		361E6E9F2B03EC190072A824 /* Frameworks */ = {
			isa = PBXFrameworksBuildPhase;
			buildActionMask = 2147483647;
			files = (
			);
			runOnlyForDeploymentPostprocessing = 0;
		};
		361E6EA92B03EC190072A824 /* Frameworks */ = {
			isa = PBXFrameworksBuildPhase;
			buildActionMask = 2147483647;
			files = (
			);
			runOnlyForDeploymentPostprocessing = 0;
		};
/* End PBXFrameworksBuildPhase section */

/* Begin PBXGroup section */
		361E6E832B03EC170072A824 = {
			isa = PBXGroup;
			children = (
				361E6E8E2B03EC170072A824 /* ApplePie */,
				361E6EA52B03EC190072A824 /* ApplePieTests */,
				361E6EAF2B03EC190072A824 /* ApplePieUITests */,
				361E6E8D2B03EC170072A824 /* Products */,
			);
			sourceTree = "<group>";
		};
		361E6E8D2B03EC170072A824 /* Products */ = {
			isa = PBXGroup;
			children = (
				361E6E8C2B03EC170072A824 /* ApplePie.app */,
				361E6EA22B03EC190072A824 /* ApplePieTests.xctest */,
				361E6EAC2B03EC190072A824 /* ApplePieUITests.xctest */,
			);
			name = Products;
			sourceTree = "<group>";
		};
		361E6E8E2B03EC170072A824 /* ApplePie */ = {
			isa = PBXGroup;
			children = (
				361E6E8F2B03EC170072A824 /* AppDelegate.swift */,
				361E6E912B03EC170072A824 /* SceneDelegate.swift */,
				361E6E932B03EC170072A824 /* ViewController.swift */,
				36C9AC1F2B06909F008CDEC2 /* Game.swift */,
				361E6E952B03EC170072A824 /* Main.storyboard */,
				361E6E982B03EC180072A824 /* Assets.xcassets */,
				361E6E9A2B03EC190072A824 /* LaunchScreen.storyboard */,
				361E6E9D2B03EC190072A824 /* Info.plist */,
			);
			path = ApplePie;
			sourceTree = "<group>";
		};
		361E6EA52B03EC190072A824 /* ApplePieTests */ = {
			isa = PBXGroup;
			children = (
				361E6EA62B03EC190072A824 /* ApplePieTests.swift */,
			);
			path = ApplePieTests;
			sourceTree = "<group>";
		};
		361E6EAF2B03EC190072A824 /* ApplePieUITests */ = {
			isa = PBXGroup;
			children = (
				361E6EB02B03EC190072A824 /* ApplePieUITests.swift */,
				361E6EB22B03EC190072A824 /* ApplePieUITestsLaunchTests.swift */,
			);
			path = ApplePieUITests;
			sourceTree = "<group>";
		};
/* End PBXGroup section */

/* Begin PBXNativeTarget section */
		361E6E8B2B03EC170072A824 /* ApplePie */ = {
			isa = PBXNativeTarget;
			buildConfigurationList = 361E6EB62B03EC190072A824 /* Build configuration list for PBXNativeTarget "ApplePie" */;
			buildPhases = (
				361E6E882B03EC170072A824 /* Sources */,
				361E6E892B03EC170072A824 /* Frameworks */,
				361E6E8A2B03EC170072A824 /* Resources */,
			);
			buildRules = (
			);
			dependencies = (
			);
			name = ApplePie;
			productName = ApplePie;
			productReference = 361E6E8C2B03EC170072A824 /* ApplePie.app */;
			productType = "com.apple.product-type.application";
		};
		361E6EA12B03EC190072A824 /* ApplePieTests */ = {
			isa = PBXNativeTarget;
			buildConfigurationList = 361E6EB92B03EC190072A824 /* Build configuration list for PBXNativeTarget "ApplePieTests" */;
			buildPhases = (
				361E6E9E2B03EC190072A824 /* Sources */,
				361E6E9F2B03EC190072A824 /* Frameworks */,
				361E6EA02B03EC190072A824 /* Resources */,
			);
			buildRules = (
			);
			dependencies = (
				361E6EA42B03EC190072A824 /* PBXTargetDependency */,
			);
			name = ApplePieTests;
			productName = ApplePieTests;
			productReference = 361E6EA22B03EC190072A824 /* ApplePieTests.xctest */;
			productType = "com.apple.product-type.bundle.unit-test";
		};
		361E6EAB2B03EC190072A824 /* ApplePieUITests */ = {
			isa = PBXNativeTarget;
			buildConfigurationList = 361E6EBC2B03EC190072A824 /* Build configuration list for PBXNativeTarget "ApplePieUITests" */;
			buildPhases = (
				361E6EA82B03EC190072A824 /* Sources */,
				361E6EA92B03EC190072A824 /* Frameworks */,
				361E6EAA2B03EC190072A824 /* Resources */,
			);
			buildRules = (
			);
			dependencies = (
				361E6EAE2B03EC190072A824 /* PBXTargetDependency */,
			);
			name = ApplePieUITests;
			productName = ApplePieUITests;
			productReference = 361E6EAC2B03EC190072A824 /* ApplePieUITests.xctest */;
			productType = "com.apple.product-type.bundle.ui-testing";
		};
/* End PBXNativeTarget section */

/* Begin PBXProject section */
		361E6E842B03EC170072A824 /* Project object */ = {
			isa = PBXProject;
			attributes = {
				BuildIndependentTargetsInParallel = 1;
				LastSwiftUpdateCheck = 1430;
				LastUpgradeCheck = 1430;
				TargetAttributes = {
					361E6E8B2B03EC170072A824 = {
						CreatedOnToolsVersion = 14.3.1;
					};
					361E6EA12B03EC190072A824 = {
						CreatedOnToolsVersion = 14.3.1;
						TestTargetID = 361E6E8B2B03EC170072A824;
					};
					361E6EAB2B03EC190072A824 = {
						CreatedOnToolsVersion = 14.3.1;
						TestTargetID = 361E6E8B2B03EC170072A824;
					};
				};
			};
			buildConfigurationList = 361E6E872B03EC170072A824 /* Build configuration list for PBXProject "ApplePie" */;
			compatibilityVersion = "Xcode 14.0";
			developmentRegion = en;
			hasScannedForEncodings = 0;
			knownRegions = (
				en,
				Base,
			);
			mainGroup = 361E6E832B03EC170072A824;
			productRefGroup = 361E6E8D2B03EC170072A824 /* Products */;
			projectDirPath = "";
			projectRoot = "";
			targets = (
				361E6E8B2B03EC170072A824 /* ApplePie */,
				361E6EA12B03EC190072A824 /* ApplePieTests */,
				361E6EAB2B03EC190072A824 /* ApplePieUITests */,
			);
		};
/* End PBXProject section */

/* Begin PBXResourcesBuildPhase section */
		361E6E8A2B03EC170072A824 /* Resources */ = {
			isa = PBXResourcesBuildPhase;
			buildActionMask = 2147483647;
			files = (
				361E6E9C2B03EC190072A824 /* LaunchScreen.storyboard in Resources */,
				361E6E992B03EC180072A824 /* Assets.xcassets in Resources */,
				361E6E972B03EC170072A824 /* Main.storyboard in Resources */,
			);
			runOnlyForDeploymentPostprocessing = 0;
		};
		361E6EA02B03EC190072A824 /* Resources */ = {
			isa = PBXResourcesBuildPhase;
			buildActionMask = 2147483647;
			files = (
			);
			runOnlyForDeploymentPostprocessing = 0;
		};
		361E6EAA2B03EC190072A824 /* Resources */ = {
			isa = PBXResourcesBuildPhase;
			buildActionMask = 2147483647;
			files = (
			);
			runOnlyForDeploymentPostprocessing = 0;
		};
/* End PBXResourcesBuildPhase section */

/* Begin PBXSourcesBuildPhase section */
		361E6E882B03EC170072A824 /* Sources */ = {
			isa = PBXSourcesBuildPhase;
			buildActionMask = 2147483647;
			files = (
				361E6E942B03EC170072A824 /* ViewController.swift in Sources */,
				361E6E902B03EC170072A824 /* AppDelegate.swift in Sources */,
				361E6E922B03EC170072A824 /* SceneDelegate.swift in Sources */,
				36C9AC202B06909F008CDEC2 /* Game.swift in Sources */,
			);
			runOnlyForDeploymentPostprocessing = 0;
		};
		361E6E9E2B03EC190072A824 /* Sources */ = {
			isa = PBXSourcesBuildPhase;
			buildActionMask = 2147483647;
			files = (
				361E6EA72B03EC190072A824 /* ApplePieTests.swift in Sources */,
			);
			runOnlyForDeploymentPostprocessing = 0;
		};
		361E6EA82B03EC190072A824 /* Sources */ = {
			isa = PBXSourcesBuildPhase;
			buildActionMask = 2147483647;
			files = (
				361E6EB32B03EC190072A824 /* ApplePieUITestsLaunchTests.swift in Sources */,
				361E6EB12B03EC190072A824 /* ApplePieUITests.swift in Sources */,
			);
			runOnlyForDeploymentPostprocessing = 0;
		};
/* End PBXSourcesBuildPhase section */

/* Begin PBXTargetDependency section */
		361E6EA42B03EC190072A824 /* PBXTargetDependency */ = {
			isa = PBXTargetDependency;
			target = 361E6E8B2B03EC170072A824 /* ApplePie */;
			targetProxy = 361E6EA32B03EC190072A824 /* PBXContainerItemProxy */;
		};
		361E6EAE2B03EC190072A824 /* PBXTargetDependency */ = {
			isa = PBXTargetDependency;
			target = 361E6E8B2B03EC170072A824 /* ApplePie */;
			targetProxy = 361E6EAD2B03EC190072A824 /* PBXContainerItemProxy */;
		};
/* End PBXTargetDependency section */

/* Begin PBXVariantGroup section */
		361E6E952B03EC170072A824 /* Main.storyboard */ = {
			isa = PBXVariantGroup;
			children = (
				361E6E962B03EC170072A824 /* Base */,
			);
			name = Main.storyboard;
			sourceTree = "<group>";
		};
		361E6E9A2B03EC190072A824 /* LaunchScreen.storyboard */ = {
			isa = PBXVariantGroup;
			children = (
				361E6E9B2B03EC190072A824 /* Base */,
			);
			name = LaunchScreen.storyboard;
			sourceTree = "<group>";
		};
/* End PBXVariantGroup section */

/* Begin XCBuildConfiguration section */
		361E6EB42B03EC190072A824 /* Debug */ = {
			isa = XCBuildConfiguration;
			buildSettings = {
				ALWAYS_SEARCH_USER_PATHS = NO;
				CLANG_ANALYZER_NONNULL = YES;
				CLANG_ANALYZER_NUMBER_OBJECT_CONVERSION = YES_AGGRESSIVE;
				CLANG_CXX_LANGUAGE_STANDARD = "gnu++20";
				CLANG_ENABLE_MODULES = YES;
				CLANG_ENABLE_OBJC_ARC = YES;
				CLANG_ENABLE_OBJC_WEAK = YES;
				CLANG_WARN_BLOCK_CAPTURE_AUTORELEASING = YES;
				CLANG_WARN_BOOL_CONVERSION = YES;
				CLANG_WARN_COMMA = YES;
				CLANG_WARN_CONSTANT_CONVERSION = YES;
				CLANG_WARN_DEPRECATED_OBJC_IMPLEMENTATIONS = YES;
				CLANG_WARN_DIRECT_OBJC_ISA_USAGE = YES_ERROR;
				CLANG_WARN_DOCUMENTATION_COMMENTS = YES;
				CLANG_WARN_EMPTY_BODY = YES;
				CLANG_WARN_ENUM_CONVERSION = YES;
				CLANG_WARN_INFINITE_RECURSION = YES;
				CLANG_WARN_INT_CONVERSION = YES;
				CLANG_WARN_NON_LITERAL_NULL_CONVERSION = YES;
				CLANG_WARN_OBJC_IMPLICIT_RETAIN_SELF = YES;
				CLANG_WARN_OBJC_LITERAL_CONVERSION = YES;
				CLANG_WARN_OBJC_ROOT_CLASS = YES_ERROR;
				CLANG_WARN_QUOTED_INCLUDE_IN_FRAMEWORK_HEADER = YES;
				CLANG_WARN_RANGE_LOOP_ANALYSIS = YES;
				CLANG_WARN_STRICT_PROTOTYPES = YES;
				CLANG_WARN_SUSPICIOUS_MOVE = YES;
				CLANG_WARN_UNGUARDED_AVAILABILITY = YES_AGGRESSIVE;
				CLANG_WARN_UNREACHABLE_CODE = YES;
				CLANG_WARN__DUPLICATE_METHOD_MATCH = YES;
				COPY_PHASE_STRIP = NO;
				DEBUG_INFORMATION_FORMAT = dwarf;
				ENABLE_STRICT_OBJC_MSGSEND = YES;
				ENABLE_TESTABILITY = YES;
				GCC_C_LANGUAGE_STANDARD = gnu11;
				GCC_DYNAMIC_NO_PIC = NO;
				GCC_NO_COMMON_BLOCKS = YES;
				GCC_OPTIMIZATION_LEVEL = 0;
				GCC_PREPROCESSOR_DEFINITIONS = (
					"DEBUG=1",
					"$(inherited)",
				);
				GCC_WARN_64_TO_32_BIT_CONVERSION = YES;
				GCC_WARN_ABOUT_RETURN_TYPE = YES_ERROR;
				GCC_WARN_UNDECLARED_SELECTOR = YES;
				GCC_WARN_UNINITIALIZED_AUTOS = YES_AGGRESSIVE;
				GCC_WARN_UNUSED_FUNCTION = YES;
				GCC_WARN_UNUSED_VARIABLE = YES;
				IPHONEOS_DEPLOYMENT_TARGET = 16.4;
				MTL_ENABLE_DEBUG_INFO = INCLUDE_SOURCE;
				MTL_FAST_MATH = YES;
				ONLY_ACTIVE_ARCH = YES;
				SDKROOT = iphoneos;
				SWIFT_ACTIVE_COMPILATION_CONDITIONS = DEBUG;
				SWIFT_OPTIMIZATION_LEVEL = "-Onone";
			};
			name = Debug;
		};
		361E6EB52B03EC190072A824 /* Release */ = {
			isa = XCBuildConfiguration;
			buildSettings = {
				ALWAYS_SEARCH_USER_PATHS = NO;
				CLANG_ANALYZER_NONNULL = YES;
				CLANG_ANALYZER_NUMBER_OBJECT_CONVERSION = YES_AGGRESSIVE;
				CLANG_CXX_LANGUAGE_STANDARD = "gnu++20";
				CLANG_ENABLE_MODULES = YES;
				CLANG_ENABLE_OBJC_ARC = YES;
				CLANG_ENABLE_OBJC_WEAK = YES;
				CLANG_WARN_BLOCK_CAPTURE_AUTORELEASING = YES;
				CLANG_WARN_BOOL_CONVERSION = YES;
				CLANG_WARN_COMMA = YES;
				CLANG_WARN_CONSTANT_CONVERSION = YES;
				CLANG_WARN_DEPRECATED_OBJC_IMPLEMENTATIONS = YES;
				CLANG_WARN_DIRECT_OBJC_ISA_USAGE = YES_ERROR;
				CLANG_WARN_DOCUMENTATION_COMMENTS = YES;
				CLANG_WARN_EMPTY_BODY = YES;
				CLANG_WARN_ENUM_CONVERSION = YES;
				CLANG_WARN_INFINITE_RECURSION = YES;
				CLANG_WARN_INT_CONVERSION = YES;
				CLANG_WARN_NON_LITERAL_NULL_CONVERSION = YES;
				CLANG_WARN_OBJC_IMPLICIT_RETAIN_SELF = YES;
				CLANG_WARN_OBJC_LITERAL_CONVERSION = YES;
				CLANG_WARN_OBJC_ROOT_CLASS = YES_ERROR;
				CLANG_WARN_QUOTED_INCLUDE_IN_FRAMEWORK_HEADER = YES;
				CLANG_WARN_RANGE_LOOP_ANALYSIS = YES;
				CLANG_WARN_STRICT_PROTOTYPES = YES;
				CLANG_WARN_SUSPICIOUS_MOVE = YES;
				CLANG_WARN_UNGUARDED_AVAILABILITY = YES_AGGRESSIVE;
				CLANG_WARN_UNREACHABLE_CODE = YES;
				CLANG_WARN__DUPLICATE_METHOD_MATCH = YES;
				COPY_PHASE_STRIP = NO;
				DEBUG_INFORMATION_FORMAT = "dwarf-with-dsym";
				ENABLE_NS_ASSERTIONS = NO;
				ENABLE_STRICT_OBJC_MSGSEND = YES;
				GCC_C_LANGUAGE_STANDARD = gnu11;
				GCC_NO_COMMON_BLOCKS = YES;
				GCC_WARN_64_TO_32_BIT_CONVERSION = YES;
				GCC_WARN_ABOUT_RETURN_TYPE = YES_ERROR;
				GCC_WARN_UNDECLARED_SELECTOR = YES;
				GCC_WARN_UNINITIALIZED_AUTOS = YES_AGGRESSIVE;
				GCC_WARN_UNUSED_FUNCTION = YES;
				GCC_WARN_UNUSED_VARIABLE = YES;
				IPHONEOS_DEPLOYMENT_TARGET = 16.4;
				MTL_ENABLE_DEBUG_INFO = NO;
				MTL_FAST_MATH = YES;
				SDKROOT = iphoneos;
				SWIFT_COMPILATION_MODE = wholemodule;
				SWIFT_OPTIMIZATION_LEVEL = "-O";
				VALIDATE_PRODUCT = YES;
			};
			name = Release;
		};
		361E6EB72B03EC190072A824 /* Debug */ = {
			isa = XCBuildConfiguration;
			buildSettings = {
				ASSETCATALOG_COMPILER_APPICON_NAME = AppIcon;
				ASSETCATALOG_COMPILER_GLOBAL_ACCENT_COLOR_NAME = AccentColor;
				CODE_SIGN_STYLE = Automatic;
				CURRENT_PROJECT_VERSION = 1;
				GENERATE_INFOPLIST_FILE = YES;
				INFOPLIST_FILE = ApplePie/Info.plist;
				INFOPLIST_KEY_UIApplicationSupportsIndirectInputEvents = YES;
				INFOPLIST_KEY_UILaunchStoryboardName = LaunchScreen;
				INFOPLIST_KEY_UIMainStoryboardFile = Main;
				INFOPLIST_KEY_UISupportedInterfaceOrientations_iPad = "UIInterfaceOrientationPortrait UIInterfaceOrientationPortraitUpsideDown UIInterfaceOrientationLandscapeLeft UIInterfaceOrientationLandscapeRight";
				INFOPLIST_KEY_UISupportedInterfaceOrientations_iPhone = "UIInterfaceOrientationPortrait UIInterfaceOrientationLandscapeLeft UIInterfaceOrientationLandscapeRight";
				LD_RUNPATH_SEARCH_PATHS = (
					"$(inherited)",
					"@executable_path/Frameworks",
				);
				MARKETING_VERSION = 1.0;
				PRODUCT_BUNDLE_IDENTIFIER = com.example.ApplePie;
				PRODUCT_NAME = "$(TARGET_NAME)";
				SWIFT_EMIT_LOC_STRINGS = YES;
				SWIFT_VERSION = 5.0;
				TARGETED_DEVICE_FAMILY = "1,2";
			};
			name = Debug;
		};
		361E6EB82B03EC190072A824 /* Release */ = {
			isa = XCBuildConfiguration;
			buildSettings = {
				ASSETCATALOG_COMPILER_APPICON_NAME = AppIcon;
				ASSETCATALOG_COMPILER_GLOBAL_ACCENT_COLOR_NAME = AccentColor;
				CODE_SIGN_STYLE = Automatic;
				CURRENT_PROJECT_VERSION = 1;
				GENERATE_INFOPLIST_FILE = YES;
				INFOPLIST_FILE = ApplePie/Info.plist;
				INFOPLIST_KEY_UIApplicationSupportsIndirectInputEvents = YES;
				INFOPLIST_KEY_UILaunchStoryboardName = LaunchScreen;
				INFOPLIST_KEY_UIMainStoryboardFile = Main;
				INFOPLIST_KEY_UISupportedInterfaceOrientations_iPad = "UIInterfaceOrientationPortrait UIInterfaceOrientationPortraitUpsideDown UIInterfaceOrientationLandscapeLeft UIInterfaceOrientationLandscapeRight";
				INFOPLIST_KEY_UISupportedInterfaceOrientations_iPhone = "UIInterfaceOrientationPortrait UIInterfaceOrientationLandscapeLeft UIInterfaceOrientationLandscapeRight";
				LD_RUNPATH_SEARCH_PATHS = (
					"$(inherited)",
					"@executable_path/Frameworks",
				);
				MARKETING_VERSION = 1.0;
				PRODUCT_BUNDLE_IDENTIFIER = com.example.ApplePie;
				PRODUCT_NAME = "$(TARGET_NAME)";
				SWIFT_EMIT_LOC_STRINGS = YES;
				SWIFT_VERSION = 5.0;
				TARGETED_DEVICE_FAMILY = "1,2";
			};
			name = Release;
		};
		361E6EBA2B03EC190072A824 /* Debug */ = {
			isa = XCBuildConfiguration;
			buildSettings = {
				ALWAYS_EMBED_SWIFT_STANDARD_LIBRARIES = YES;
				BUNDLE_LOADER = "$(TEST_HOST)";
				CODE_SIGN_STYLE = Automatic;
				CURRENT_PROJECT_VERSION = 1;
				GENERATE_INFOPLIST_FILE = YES;
				IPHONEOS_DEPLOYMENT_TARGET = 16.4;
				MARKETING_VERSION = 1.0;
				PRODUCT_BUNDLE_IDENTIFIER = com.example.ApplePieTests;
				PRODUCT_NAME = "$(TARGET_NAME)";
				SWIFT_EMIT_LOC_STRINGS = NO;
				SWIFT_VERSION = 5.0;
				TARGETED_DEVICE_FAMILY = "1,2";
				TEST_HOST = "$(BUILT_PRODUCTS_DIR)/ApplePie.app/$(BUNDLE_EXECUTABLE_FOLDER_PATH)/ApplePie";
			};
			name = Debug;
		};
		361E6EBB2B03EC190072A824 /* Release */ = {
			isa = XCBuildConfiguration;
			buildSettings = {
				ALWAYS_EMBED_SWIFT_STANDARD_LIBRARIES = YES;
				BUNDLE_LOADER = "$(TEST_HOST)";
				CODE_SIGN_STYLE = Automatic;
				CURRENT_PROJECT_VERSION = 1;
				GENERATE_INFOPLIST_FILE = YES;
				IPHONEOS_DEPLOYMENT_TARGET = 16.4;
				MARKETING_VERSION = 1.0;
				PRODUCT_BUNDLE_IDENTIFIER = com.example.ApplePieTests;
				PRODUCT_NAME = "$(TARGET_NAME)";
				SWIFT_EMIT_LOC_STRINGS = NO;
				SWIFT_VERSION = 5.0;
				TARGETED_DEVICE_FAMILY = "1,2";
				TEST_HOST = "$(BUILT_PRODUCTS_DIR)/ApplePie.app/$(BUNDLE_EXECUTABLE_FOLDER_PATH)/ApplePie";
			};
			name = Release;
		};
		361E6EBD2B03EC190072A824 /* Debug */ = {
			isa = XCBuildConfiguration;
			buildSettings = {
				ALWAYS_EMBED_SWIFT_STANDARD_LIBRARIES = YES;
				CODE_SIGN_STYLE = Automatic;
				CURRENT_PROJECT_VERSION = 1;
				GENERATE_INFOPLIST_FILE = YES;
				MARKETING_VERSION = 1.0;
				PRODUCT_BUNDLE_IDENTIFIER = com.example.ApplePieUITests;
				PRODUCT_NAME = "$(TARGET_NAME)";
				SWIFT_EMIT_LOC_STRINGS = NO;
				SWIFT_VERSION = 5.0;
				TARGETED_DEVICE_FAMILY = "1,2";
				TEST_TARGET_NAME = ApplePie;
			};
			name = Debug;
		};
		361E6EBE2B03EC190072A824 /* Release */ = {
			isa = XCBuildConfiguration;
			buildSettings = {
				ALWAYS_EMBED_SWIFT_STANDARD_LIBRARIES = YES;
				CODE_SIGN_STYLE = Automatic;
				CURRENT_PROJECT_VERSION = 1;
				GENERATE_INFOPLIST_FILE = YES;
				MARKETING_VERSION = 1.0;
				PRODUCT_BUNDLE_IDENTIFIER = com.example.ApplePieUITests;
				PRODUCT_NAME = "$(TARGET_NAME)";
				SWIFT_EMIT_LOC_STRINGS = NO;
				SWIFT_VERSION = 5.0;
				TARGETED_DEVICE_FAMILY = "1,2";
				TEST_TARGET_NAME = ApplePie;
			};
			name = Release;
		};
/* End XCBuildConfiguration section */

/* Begin XCConfigurationList section */
		361E6E872B03EC170072A824 /* Build configuration list for PBXProject "ApplePie" */ = {
			isa = XCConfigurationList;
			buildConfigurations = (
				361E6EB42B03EC190072A824 /* Debug */,
				361E6EB52B03EC190072A824 /* Release */,
			);
			defaultConfigurationIsVisible = 0;
			defaultConfigurationName = Release;
		};
		361E6EB62B03EC190072A824 /* Build configuration list for PBXNativeTarget "ApplePie" */ = {
			isa = XCConfigurationList;
			buildConfigurations = (
				361E6EB72B03EC190072A824 /* Debug */,
				361E6EB82B03EC190072A824 /* Release */,
			);
			defaultConfigurationIsVisible = 0;
			defaultConfigurationName = Release;
		};
		361E6EB92B03EC190072A824 /* Build configuration list for PBXNativeTarget "ApplePieTests" */ = {
			isa = XCConfigurationList;
			buildConfigurations = (
				361E6EBA2B03EC190072A824 /* Debug */,
				361E6EBB2B03EC190072A824 /* Release */,
			);
			defaultConfigurationIsVisible = 0;
			defaultConfigurationName = Release;
		};
		361E6EBC2B03EC190072A824 /* Build configuration list for PBXNativeTarget "ApplePieUITests" */ = {
			isa = XCConfigurationList;
			buildConfigurations = (
				361E6EBD2B03EC190072A824 /* Debug */,
				361E6EBE2B03EC190072A824 /* Release */,
			);
			defaultConfigurationIsVisible = 0;
			defaultConfigurationName = Release;
		};
/* End XCConfigurationList section */
	};
	rootObject = 361E6E842B03EC170072A824 /* Project object */;
}
