// !$*UTF8*$!
{
	archiveVersion = 1;
	classes = {
	};
	objectVersion = 56;
	objects = {

/* Begin PBXBuildFile section */
		361E6E7C2B03E3D90072A824 /* F.wav in Resources */ = {isa = PBXBuildFile; fileRef = 361E6E752B03E3D90072A824 /* F.wav */; };
		361E6E7D2B03E3D90072A824 /* A.wav in Resources */ = {isa = PBXBuildFile; fileRef = 361E6E762B03E3D90072A824 /* A.wav */; };
		361E6E7E2B03E3D90072A824 /* C.wav in Resources */ = {isa = PBXBuildFile; fileRef = 361E6E772B03E3D90072A824 /* C.wav */; };
		361E6E7F2B03E3D90072A824 /* B.wav in Resources */ = {isa = PBXBuildFile; fileRef = 361E6E782B03E3D90072A824 /* B.wav */; };
		361E6E802B03E3D90072A824 /* D.wav in Resources */ = {isa = PBXBuildFile; fileRef = 361E6E792B03E3D90072A824 /* D.wav */; };
		361E6E812B03E3D90072A824 /* E.wav in Resources */ = {isa = PBXBuildFile; fileRef = 361E6E7A2B03E3D90072A824 /* E.wav */; };
		361E6E822B03E3D90072A824 /* G.wav in Resources */ = {isa = PBXBuildFile; fileRef = 361E6E7B2B03E3D90072A824 /* G.wav */; };
		36A76BDC2AF553200043BE13 /* AppDelegate.swift in Sources */ = {isa = PBXBuildFile; fileRef = 36A76BDB2AF553200043BE13 /* AppDelegate.swift */; };
		36A76BDE2AF553200043BE13 /* SceneDelegate.swift in Sources */ = {isa = PBXBuildFile; fileRef = 36A76BDD2AF553200043BE13 /* SceneDelegate.swift */; };
		36A76BE02AF553200043BE13 /* ViewController.swift in Sources */ = {isa = PBXBuildFile; fileRef = 36A76BDF2AF553200043BE13 /* ViewController.swift */; };
		36A76BE32AF553200043BE13 /* Main.storyboard in Resources */ = {isa = PBXBuildFile; fileRef = 36A76BE12AF553200043BE13 /* Main.storyboard */; };
		36A76BE52AF553220043BE13 /* Assets.xcassets in Resources */ = {isa = PBXBuildFile; fileRef = 36A76BE42AF553220043BE13 /* Assets.xcassets */; };
		36A76BE82AF553220043BE13 /* LaunchScreen.storyboard in Resources */ = {isa = PBXBuildFile; fileRef = 36A76BE62AF553220043BE13 /* LaunchScreen.storyboard */; };
		36A76BF32AF553220043BE13 /* AutoLayoutPracticeTests.swift in Sources */ = {isa = PBXBuildFile; fileRef = 36A76BF22AF553220043BE13 /* AutoLayoutPracticeTests.swift */; };
		36A76BFD2AF553220043BE13 /* AutoLayoutPracticeUITests.swift in Sources */ = {isa = PBXBuildFile; fileRef = 36A76BFC2AF553220043BE13 /* AutoLayoutPracticeUITests.swift */; };
		36A76BFF2AF553220043BE13 /* AutoLayoutPracticeUITestsLaunchTests.swift in Sources */ = {isa = PBXBuildFile; fileRef = 36A76BFE2AF553220043BE13 /* AutoLayoutPracticeUITestsLaunchTests.swift */; };
/* End PBXBuildFile section */

/* Begin PBXContainerItemProxy section */
		36A76BEF2AF553220043BE13 /* PBXContainerItemProxy */ = {
			isa = PBXContainerItemProxy;
			containerPortal = 36A76BD02AF553200043BE13 /* Project object */;
			proxyType = 1;
			remoteGlobalIDString = 36A76BD72AF553200043BE13;
			remoteInfo = AutoLayoutPractice;
		};
		36A76BF92AF553220043BE13 /* PBXContainerItemProxy */ = {
			isa = PBXContainerItemProxy;
			containerPortal = 36A76BD02AF553200043BE13 /* Project object */;
			proxyType = 1;
			remoteGlobalIDString = 36A76BD72AF553200043BE13;
			remoteInfo = AutoLayoutPractice;
		};
/* End PBXContainerItemProxy section */

/* Begin PBXFileReference section */
		361E6E752B03E3D90072A824 /* F.wav */ = {isa = PBXFileReference; lastKnownFileType = audio.wav; path = F.wav; sourceTree = "<group>"; };
		361E6E762B03E3D90072A824 /* A.wav */ = {isa = PBXFileReference; lastKnownFileType = audio.wav; path = A.wav; sourceTree = "<group>"; };
		361E6E772B03E3D90072A824 /* C.wav */ = {isa = PBXFileReference; lastKnownFileType = audio.wav; path = C.wav; sourceTree = "<group>"; };
		361E6E782B03E3D90072A824 /* B.wav */ = {isa = PBXFileReference; lastKnownFileType = audio.wav; path = B.wav; sourceTree = "<group>"; };
		361E6E792B03E3D90072A824 /* D.wav */ = {isa = PBXFileReference; lastKnownFileType = audio.wav; path = D.wav; sourceTree = "<group>"; };
		361E6E7A2B03E3D90072A824 /* E.wav */ = {isa = PBXFileReference; lastKnownFileType = audio.wav; path = E.wav; sourceTree = "<group>"; };
		361E6E7B2B03E3D90072A824 /* G.wav */ = {isa = PBXFileReference; lastKnownFileType = audio.wav; path = G.wav; sourceTree = "<group>"; };
		36A76BD82AF553200043BE13 /* AutoLayoutPractice.app */ = {isa = PBXFileReference; explicitFileType = wrapper.application; includeInIndex = 0; path = AutoLayoutPractice.app; sourceTree = BUILT_PRODUCTS_DIR; };
		36A76BDB2AF553200043BE13 /* AppDelegate.swift */ = {isa = PBXFileReference; lastKnownFileType = sourcecode.swift; path = AppDelegate.swift; sourceTree = "<group>"; };
		36A76BDD2AF553200043BE13 /* SceneDelegate.swift */ = {isa = PBXFileReference; lastKnownFileType = sourcecode.swift; path = SceneDelegate.swift; sourceTree = "<group>"; };
		36A76BDF2AF553200043BE13 /* ViewController.swift */ = {isa = PBXFileReference; lastKnownFileType = sourcecode.swift; path = ViewController.swift; sourceTree = "<group>"; };
		36A76BE22AF553200043BE13 /* Base */ = {isa = PBXFileReference; lastKnownFileType = file.storyboard; name = Base; path = Base.lproj/Main.storyboard; sourceTree = "<group>"; };
		36A76BE42AF553220043BE13 /* Assets.xcassets */ = {isa = PBXFileReference; lastKnownFileType = folder.assetcatalog; path = Assets.xcassets; sourceTree = "<group>"; };
		36A76BE72AF553220043BE13 /* Base */ = {isa = PBXFileReference; lastKnownFileType = file.storyboard; name = Base; path = Base.lproj/LaunchScreen.storyboard; sourceTree = "<group>"; };
		36A76BE92AF553220043BE13 /* Info.plist */ = {isa = PBXFileReference; lastKnownFileType = text.plist.xml; path = Info.plist; sourceTree = "<group>"; };
		36A76BEE2AF553220043BE13 /* AutoLayoutPracticeTests.xctest */ = {isa = PBXFileReference; explicitFileType = wrapper.cfbundle; includeInIndex = 0; path = AutoLayoutPracticeTests.xctest; sourceTree = BUILT_PRODUCTS_DIR; };
		36A76BF22AF553220043BE13 /* AutoLayoutPracticeTests.swift */ = {isa = PBXFileReference; lastKnownFileType = sourcecode.swift; path = AutoLayoutPracticeTests.swift; sourceTree = "<group>"; };
		36A76BF82AF553220043BE13 /* AutoLayoutPracticeUITests.xctest */ = {isa = PBXFileReference; explicitFileType = wrapper.cfbundle; includeInIndex = 0; path = AutoLayoutPracticeUITests.xctest; sourceTree = BUILT_PRODUCTS_DIR; };
		36A76BFC2AF553220043BE13 /* AutoLayoutPracticeUITests.swift */ = {isa = PBXFileReference; lastKnownFileType = sourcecode.swift; path = AutoLayoutPracticeUITests.swift; sourceTree = "<group>"; };
		36A76BFE2AF553220043BE13 /* AutoLayoutPracticeUITestsLaunchTests.swift */ = {isa = PBXFileReference; lastKnownFileType = sourcecode.swift; path = AutoLayoutPracticeUITestsLaunchTests.swift; sourceTree = "<group>"; };
/* End PBXFileReference section */

/* Begin PBXFrameworksBuildPhase section */
		36A76BD52AF553200043BE13 /* Frameworks */ = {
			isa = PBXFrameworksBuildPhase;
			buildActionMask = 2147483647;
			files = (
			);
			runOnlyForDeploymentPostprocessing = 0;
		};
		36A76BEB2AF553220043BE13 /* Frameworks */ = {
			isa = PBXFrameworksBuildPhase;
			buildActionMask = 2147483647;
			files = (
			);
			runOnlyForDeploymentPostprocessing = 0;
		};
		36A76BF52AF553220043BE13 /* Frameworks */ = {
			isa = PBXFrameworksBuildPhase;
			buildActionMask = 2147483647;
			files = (
			);
			runOnlyForDeploymentPostprocessing = 0;
		};
/* End PBXFrameworksBuildPhase section */

/* Begin PBXGroup section */
		36A76BCF2AF553200043BE13 = {
			isa = PBXGroup;
			children = (
				361E6E762B03E3D90072A824 /* A.wav */,
				361E6E782B03E3D90072A824 /* B.wav */,
				361E6E772B03E3D90072A824 /* C.wav */,
				361E6E792B03E3D90072A824 /* D.wav */,
				361E6E7A2B03E3D90072A824 /* E.wav */,
				361E6E752B03E3D90072A824 /* F.wav */,
				361E6E7B2B03E3D90072A824 /* G.wav */,
				36A76BDA2AF553200043BE13 /* AutoLayoutPractice */,
				36A76BF12AF553220043BE13 /* AutoLayoutPracticeTests */,
				36A76BFB2AF553220043BE13 /* AutoLayoutPracticeUITests */,
				36A76BD92AF553200043BE13 /* Products */,
			);
			sourceTree = "<group>";
		};
		36A76BD92AF553200043BE13 /* Products */ = {
			isa = PBXGroup;
			children = (
				36A76BD82AF553200043BE13 /* AutoLayoutPractice.app */,
				36A76BEE2AF553220043BE13 /* AutoLayoutPracticeTests.xctest */,
				36A76BF82AF553220043BE13 /* AutoLayoutPracticeUITests.xctest */,
			);
			name = Products;
			sourceTree = "<group>";
		};
		36A76BDA2AF553200043BE13 /* AutoLayoutPractice */ = {
			isa = PBXGroup;
			children = (
				36A76BDB2AF553200043BE13 /* AppDelegate.swift */,
				36A76BDD2AF553200043BE13 /* SceneDelegate.swift */,
				36A76BDF2AF553200043BE13 /* ViewController.swift */,
				36A76BE12AF553200043BE13 /* Main.storyboard */,
				36A76BE42AF553220043BE13 /* Assets.xcassets */,
				36A76BE62AF553220043BE13 /* LaunchScreen.storyboard */,
				36A76BE92AF553220043BE13 /* Info.plist */,
			);
			path = AutoLayoutPractice;
			sourceTree = "<group>";
		};
		36A76BF12AF553220043BE13 /* AutoLayoutPracticeTests */ = {
			isa = PBXGroup;
			children = (
				36A76BF22AF553220043BE13 /* AutoLayoutPracticeTests.swift */,
			);
			path = AutoLayoutPracticeTests;
			sourceTree = "<group>";
		};
		36A76BFB2AF553220043BE13 /* AutoLayoutPracticeUITests */ = {
			isa = PBXGroup;
			children = (
				36A76BFC2AF553220043BE13 /* AutoLayoutPracticeUITests.swift */,
				36A76BFE2AF553220043BE13 /* AutoLayoutPracticeUITestsLaunchTests.swift */,
			);
			path = AutoLayoutPracticeUITests;
			sourceTree = "<group>";
		};
/* End PBXGroup section */

/* Begin PBXNativeTarget section */
		36A76BD72AF553200043BE13 /* AutoLayoutPractice */ = {
			isa = PBXNativeTarget;
			buildConfigurationList = 36A76C022AF553220043BE13 /* Build configuration list for PBXNativeTarget "AutoLayoutPractice" */;
			buildPhases = (
				36A76BD42AF553200043BE13 /* Sources */,
				36A76BD52AF553200043BE13 /* Frameworks */,
				36A76BD62AF553200043BE13 /* Resources */,
			);
			buildRules = (
			);
			dependencies = (
			);
			name = AutoLayoutPractice;
			productName = AutoLayoutPractice;
			productReference = 36A76BD82AF553200043BE13 /* AutoLayoutPractice.app */;
			productType = "com.apple.product-type.application";
		};
		36A76BED2AF553220043BE13 /* AutoLayoutPracticeTests */ = {
			isa = PBXNativeTarget;
			buildConfigurationList = 36A76C052AF553220043BE13 /* Build configuration list for PBXNativeTarget "AutoLayoutPracticeTests" */;
			buildPhases = (
				36A76BEA2AF553220043BE13 /* Sources */,
				36A76BEB2AF553220043BE13 /* Frameworks */,
				36A76BEC2AF553220043BE13 /* Resources */,
			);
			buildRules = (
			);
			dependencies = (
				36A76BF02AF553220043BE13 /* PBXTargetDependency */,
			);
			name = AutoLayoutPracticeTests;
			productName = AutoLayoutPracticeTests;
			productReference = 36A76BEE2AF553220043BE13 /* AutoLayoutPracticeTests.xctest */;
			productType = "com.apple.product-type.bundle.unit-test";
		};
		36A76BF72AF553220043BE13 /* AutoLayoutPracticeUITests */ = {
			isa = PBXNativeTarget;
			buildConfigurationList = 36A76C082AF553220043BE13 /* Build configuration list for PBXNativeTarget "AutoLayoutPracticeUITests" */;
			buildPhases = (
				36A76BF42AF553220043BE13 /* Sources */,
				36A76BF52AF553220043BE13 /* Frameworks */,
				36A76BF62AF553220043BE13 /* Resources */,
			);
			buildRules = (
			);
			dependencies = (
				36A76BFA2AF553220043BE13 /* PBXTargetDependency */,
			);
			name = AutoLayoutPracticeUITests;
			productName = AutoLayoutPracticeUITests;
			productReference = 36A76BF82AF553220043BE13 /* AutoLayoutPracticeUITests.xctest */;
			productType = "com.apple.product-type.bundle.ui-testing";
		};
/* End PBXNativeTarget section */

/* Begin PBXProject section */
		36A76BD02AF553200043BE13 /* Project object */ = {
			isa = PBXProject;
			attributes = {
				BuildIndependentTargetsInParallel = 1;
				LastSwiftUpdateCheck = 1430;
				LastUpgradeCheck = 1430;
				TargetAttributes = {
					36A76BD72AF553200043BE13 = {
						CreatedOnToolsVersion = 14.3.1;
					};
					36A76BED2AF553220043BE13 = {
						CreatedOnToolsVersion = 14.3.1;
						TestTargetID = 36A76BD72AF553200043BE13;
					};
					36A76BF72AF553220043BE13 = {
						CreatedOnToolsVersion = 14.3.1;
						TestTargetID = 36A76BD72AF553200043BE13;
					};
				};
			};
			buildConfigurationList = 36A76BD32AF553200043BE13 /* Build configuration list for PBXProject "AutoLayoutPractice" */;
			compatibilityVersion = "Xcode 14.0";
			developmentRegion = en;
			hasScannedForEncodings = 0;
			knownRegions = (
				en,
				Base,
			);
			mainGroup = 36A76BCF2AF553200043BE13;
			productRefGroup = 36A76BD92AF553200043BE13 /* Products */;
			projectDirPath = "";
			projectRoot = "";
			targets = (
				36A76BD72AF553200043BE13 /* AutoLayoutPractice */,
				36A76BED2AF553220043BE13 /* AutoLayoutPracticeTests */,
				36A76BF72AF553220043BE13 /* AutoLayoutPracticeUITests */,
			);
		};
/* End PBXProject section */

/* Begin PBXResourcesBuildPhase section */
		36A76BD62AF553200043BE13 /* Resources */ = {
			isa = PBXResourcesBuildPhase;
			buildActionMask = 2147483647;
			files = (
				361E6E7E2B03E3D90072A824 /* C.wav in Resources */,
				36A76BE82AF553220043BE13 /* LaunchScreen.storyboard in Resources */,
				36A76BE52AF553220043BE13 /* Assets.xcassets in Resources */,
				361E6E7F2B03E3D90072A824 /* B.wav in Resources */,
				36A76BE32AF553200043BE13 /* Main.storyboard in Resources */,
				361E6E802B03E3D90072A824 /* D.wav in Resources */,
				361E6E822B03E3D90072A824 /* G.wav in Resources */,
				361E6E812B03E3D90072A824 /* E.wav in Resources */,
				361E6E7D2B03E3D90072A824 /* A.wav in Resources */,
				361E6E7C2B03E3D90072A824 /* F.wav in Resources */,
			);
			runOnlyForDeploymentPostprocessing = 0;
		};
		36A76BEC2AF553220043BE13 /* Resources */ = {
			isa = PBXResourcesBuildPhase;
			buildActionMask = 2147483647;
			files = (
			);
			runOnlyForDeploymentPostprocessing = 0;
		};
		36A76BF62AF553220043BE13 /* Resources */ = {
			isa = PBXResourcesBuildPhase;
			buildActionMask = 2147483647;
			files = (
			);
			runOnlyForDeploymentPostprocessing = 0;
		};
/* End PBXResourcesBuildPhase section */

/* Begin PBXSourcesBuildPhase section */
		36A76BD42AF553200043BE13 /* Sources */ = {
			isa = PBXSourcesBuildPhase;
			buildActionMask = 2147483647;
			files = (
				36A76BE02AF553200043BE13 /* ViewController.swift in Sources */,
				36A76BDC2AF553200043BE13 /* AppDelegate.swift in Sources */,
				36A76BDE2AF553200043BE13 /* SceneDelegate.swift in Sources */,
			);
			runOnlyForDeploymentPostprocessing = 0;
		};
		36A76BEA2AF553220043BE13 /* Sources */ = {
			isa = PBXSourcesBuildPhase;
			buildActionMask = 2147483647;
			files = (
				36A76BF32AF553220043BE13 /* AutoLayoutPracticeTests.swift in Sources */,
			);
			runOnlyForDeploymentPostprocessing = 0;
		};
		36A76BF42AF553220043BE13 /* Sources */ = {
			isa = PBXSourcesBuildPhase;
			buildActionMask = 2147483647;
			files = (
				36A76BFF2AF553220043BE13 /* AutoLayoutPracticeUITestsLaunchTests.swift in Sources */,
				36A76BFD2AF553220043BE13 /* AutoLayoutPracticeUITests.swift in Sources */,
			);
			runOnlyForDeploymentPostprocessing = 0;
		};
/* End PBXSourcesBuildPhase section */

/* Begin PBXTargetDependency section */
		36A76BF02AF553220043BE13 /* PBXTargetDependency */ = {
			isa = PBXTargetDependency;
			target = 36A76BD72AF553200043BE13 /* AutoLayoutPractice */;
			targetProxy = 36A76BEF2AF553220043BE13 /* PBXContainerItemProxy */;
		};
		36A76BFA2AF553220043BE13 /* PBXTargetDependency */ = {
			isa = PBXTargetDependency;
			target = 36A76BD72AF553200043BE13 /* AutoLayoutPractice */;
			targetProxy = 36A76BF92AF553220043BE13 /* PBXContainerItemProxy */;
		};
/* End PBXTargetDependency section */

/* Begin PBXVariantGroup section */
		36A76BE12AF553200043BE13 /* Main.storyboard */ = {
			isa = PBXVariantGroup;
			children = (
				36A76BE22AF553200043BE13 /* Base */,
			);
			name = Main.storyboard;
			sourceTree = "<group>";
		};
		36A76BE62AF553220043BE13 /* LaunchScreen.storyboard */ = {
			isa = PBXVariantGroup;
			children = (
				36A76BE72AF553220043BE13 /* Base */,
			);
			name = LaunchScreen.storyboard;
			sourceTree = "<group>";
		};
/* End PBXVariantGroup section */

/* Begin XCBuildConfiguration section */
		36A76C002AF553220043BE13 /* Debug */ = {
			isa = XCBuildConfiguration;
			buildSettings = {
				ALWAYS_SEARCH_USER_PATHS = NO;
				CLANG_ANALYZER_NONNULL = YES;
				CLANG_ANALYZER_NUMBER_OBJECT_CONVERSION = YES_AGGRESSIVE;
				CLANG_CXX_LANGUAGE_STANDARD = "gnu++20";
				CLANG_ENABLE_MODULES = YES;
				CLANG_ENABLE_OBJC_ARC = YES;
				CLANG_ENABLE_OBJC_WEAK = YES;
				CLANG_WARN_BLOCK_CAPTURE_AUTORELEASING = YES;
				CLANG_WARN_BOOL_CONVERSION = YES;
				CLANG_WARN_COMMA = YES;
				CLANG_WARN_CONSTANT_CONVERSION = YES;
				CLANG_WARN_DEPRECATED_OBJC_IMPLEMENTATIONS = YES;
				CLANG_WARN_DIRECT_OBJC_ISA_USAGE = YES_ERROR;
				CLANG_WARN_DOCUMENTATION_COMMENTS = YES;
				CLANG_WARN_EMPTY_BODY = YES;
				CLANG_WARN_ENUM_CONVERSION = YES;
				CLANG_WARN_INFINITE_RECURSION = YES;
				CLANG_WARN_INT_CONVERSION = YES;
				CLANG_WARN_NON_LITERAL_NULL_CONVERSION = YES;
				CLANG_WARN_OBJC_IMPLICIT_RETAIN_SELF = YES;
				CLANG_WARN_OBJC_LITERAL_CONVERSION = YES;
				CLANG_WARN_OBJC_ROOT_CLASS = YES_ERROR;
				CLANG_WARN_QUOTED_INCLUDE_IN_FRAMEWORK_HEADER = YES;
				CLANG_WARN_RANGE_LOOP_ANALYSIS = YES;
				CLANG_WARN_STRICT_PROTOTYPES = YES;
				CLANG_WARN_SUSPICIOUS_MOVE = YES;
				CLANG_WARN_UNGUARDED_AVAILABILITY = YES_AGGRESSIVE;
				CLANG_WARN_UNREACHABLE_CODE = YES;
				CLANG_WARN__DUPLICATE_METHOD_MATCH = YES;
				COPY_PHASE_STRIP = NO;
				DEBUG_INFORMATION_FORMAT = dwarf;
				ENABLE_STRICT_OBJC_MSGSEND = YES;
				ENABLE_TESTABILITY = YES;
				GCC_C_LANGUAGE_STANDARD = gnu11;
				GCC_DYNAMIC_NO_PIC = NO;
				GCC_NO_COMMON_BLOCKS = YES;
				GCC_OPTIMIZATION_LEVEL = 0;
				GCC_PREPROCESSOR_DEFINITIONS = (
					"DEBUG=1",
					"$(inherited)",
				);
				GCC_WARN_64_TO_32_BIT_CONVERSION = YES;
				GCC_WARN_ABOUT_RETURN_TYPE = YES_ERROR;
				GCC_WARN_UNDECLARED_SELECTOR = YES;
				GCC_WARN_UNINITIALIZED_AUTOS = YES_AGGRESSIVE;
				GCC_WARN_UNUSED_FUNCTION = YES;
				GCC_WARN_UNUSED_VARIABLE = YES;
				IPHONEOS_DEPLOYMENT_TARGET = 16.4;
				MTL_ENABLE_DEBUG_INFO = INCLUDE_SOURCE;
				MTL_FAST_MATH = YES;
				ONLY_ACTIVE_ARCH = YES;
				SDKROOT = iphoneos;
				SWIFT_ACTIVE_COMPILATION_CONDITIONS = DEBUG;
				SWIFT_OPTIMIZATION_LEVEL = "-Onone";
			};
			name = Debug;
		};
		36A76C012AF553220043BE13 /* Release */ = {
			isa = XCBuildConfiguration;
			buildSettings = {
				ALWAYS_SEARCH_USER_PATHS = NO;
				CLANG_ANALYZER_NONNULL = YES;
				CLANG_ANALYZER_NUMBER_OBJECT_CONVERSION = YES_AGGRESSIVE;
				CLANG_CXX_LANGUAGE_STANDARD = "gnu++20";
				CLANG_ENABLE_MODULES = YES;
				CLANG_ENABLE_OBJC_ARC = YES;
				CLANG_ENABLE_OBJC_WEAK = YES;
				CLANG_WARN_BLOCK_CAPTURE_AUTORELEASING = YES;
				CLANG_WARN_BOOL_CONVERSION = YES;
				CLANG_WARN_COMMA = YES;
				CLANG_WARN_CONSTANT_CONVERSION = YES;
				CLANG_WARN_DEPRECATED_OBJC_IMPLEMENTATIONS = YES;
				CLANG_WARN_DIRECT_OBJC_ISA_USAGE = YES_ERROR;
				CLANG_WARN_DOCUMENTATION_COMMENTS = YES;
				CLANG_WARN_EMPTY_BODY = YES;
				CLANG_WARN_ENUM_CONVERSION = YES;
				CLANG_WARN_INFINITE_RECURSION = YES;
				CLANG_WARN_INT_CONVERSION = YES;
				CLANG_WARN_NON_LITERAL_NULL_CONVERSION = YES;
				CLANG_WARN_OBJC_IMPLICIT_RETAIN_SELF = YES;
				CLANG_WARN_OBJC_LITERAL_CONVERSION = YES;
				CLANG_WARN_OBJC_ROOT_CLASS = YES_ERROR;
				CLANG_WARN_QUOTED_INCLUDE_IN_FRAMEWORK_HEADER = YES;
				CLANG_WARN_RANGE_LOOP_ANALYSIS = YES;
				CLANG_WARN_STRICT_PROTOTYPES = YES;
				CLANG_WARN_SUSPICIOUS_MOVE = YES;
				CLANG_WARN_UNGUARDED_AVAILABILITY = YES_AGGRESSIVE;
				CLANG_WARN_UNREACHABLE_CODE = YES;
				CLANG_WARN__DUPLICATE_METHOD_MATCH = YES;
				COPY_PHASE_STRIP = NO;
				DEBUG_INFORMATION_FORMAT = "dwarf-with-dsym";
				ENABLE_NS_ASSERTIONS = NO;
				ENABLE_STRICT_OBJC_MSGSEND = YES;
				GCC_C_LANGUAGE_STANDARD = gnu11;
				GCC_NO_COMMON_BLOCKS = YES;
				GCC_WARN_64_TO_32_BIT_CONVERSION = YES;
				GCC_WARN_ABOUT_RETURN_TYPE = YES_ERROR;
				GCC_WARN_UNDECLARED_SELECTOR = YES;
				GCC_WARN_UNINITIALIZED_AUTOS = YES_AGGRESSIVE;
				GCC_WARN_UNUSED_FUNCTION = YES;
				GCC_WARN_UNUSED_VARIABLE = YES;
				IPHONEOS_DEPLOYMENT_TARGET = 16.4;
				MTL_ENABLE_DEBUG_INFO = NO;
				MTL_FAST_MATH = YES;
				SDKROOT = iphoneos;
				SWIFT_COMPILATION_MODE = wholemodule;
				SWIFT_OPTIMIZATION_LEVEL = "-O";
				VALIDATE_PRODUCT = YES;
			};
			name = Release;
		};
		36A76C032AF553220043BE13 /* Debug */ = {
			isa = XCBuildConfiguration;
			buildSettings = {
				ASSETCATALOG_COMPILER_APPICON_NAME = AppIcon;
				ASSETCATALOG_COMPILER_GLOBAL_ACCENT_COLOR_NAME = AccentColor;
				CODE_SIGN_STYLE = Automatic;
				CURRENT_PROJECT_VERSION = 1;
				GENERATE_INFOPLIST_FILE = YES;
				INFOPLIST_FILE = AutoLayoutPractice/Info.plist;
				INFOPLIST_KEY_UIApplicationSupportsIndirectInputEvents = YES;
				INFOPLIST_KEY_UILaunchStoryboardName = LaunchScreen;
				INFOPLIST_KEY_UIMainStoryboardFile = Main;
				INFOPLIST_KEY_UISupportedInterfaceOrientations_iPad = "UIInterfaceOrientationPortrait UIInterfaceOrientationPortraitUpsideDown UIInterfaceOrientationLandscapeLeft UIInterfaceOrientationLandscapeRight";
				INFOPLIST_KEY_UISupportedInterfaceOrientations_iPhone = "UIInterfaceOrientationPortrait UIInterfaceOrientationLandscapeLeft UIInterfaceOrientationLandscapeRight";
				LD_RUNPATH_SEARCH_PATHS = (
					"$(inherited)",
					"@executable_path/Frameworks",
				);
				MARKETING_VERSION = 1.0;
				PRODUCT_BUNDLE_IDENTIFIER = com.example.AutoLayoutPractice;
				PRODUCT_NAME = "$(TARGET_NAME)";
				SWIFT_EMIT_LOC_STRINGS = YES;
				SWIFT_VERSION = 5.0;
				TARGETED_DEVICE_FAMILY = "1,2";
			};
			name = Debug;
		};
		36A76C042AF553220043BE13 /* Release */ = {
			isa = XCBuildConfiguration;
			buildSettings = {
				ASSETCATALOG_COMPILER_APPICON_NAME = AppIcon;
				ASSETCATALOG_COMPILER_GLOBAL_ACCENT_COLOR_NAME = AccentColor;
				CODE_SIGN_STYLE = Automatic;
				CURRENT_PROJECT_VERSION = 1;
				GENERATE_INFOPLIST_FILE = YES;
				INFOPLIST_FILE = AutoLayoutPractice/Info.plist;
				INFOPLIST_KEY_UIApplicationSupportsIndirectInputEvents = YES;
				INFOPLIST_KEY_UILaunchStoryboardName = LaunchScreen;
				INFOPLIST_KEY_UIMainStoryboardFile = Main;
				INFOPLIST_KEY_UISupportedInterfaceOrientations_iPad = "UIInterfaceOrientationPortrait UIInterfaceOrientationPortraitUpsideDown UIInterfaceOrientationLandscapeLeft UIInterfaceOrientationLandscapeRight";
				INFOPLIST_KEY_UISupportedInterfaceOrientations_iPhone = "UIInterfaceOrientationPortrait UIInterfaceOrientationLandscapeLeft UIInterfaceOrientationLandscapeRight";
				LD_RUNPATH_SEARCH_PATHS = (
					"$(inherited)",
					"@executable_path/Frameworks",
				);
				MARKETING_VERSION = 1.0;
				PRODUCT_BUNDLE_IDENTIFIER = com.example.AutoLayoutPractice;
				PRODUCT_NAME = "$(TARGET_NAME)";
				SWIFT_EMIT_LOC_STRINGS = YES;
				SWIFT_VERSION = 5.0;
				TARGETED_DEVICE_FAMILY = "1,2";
			};
			name = Release;
		};
		36A76C062AF553220043BE13 /* Debug */ = {
			isa = XCBuildConfiguration;
			buildSettings = {
				ALWAYS_EMBED_SWIFT_STANDARD_LIBRARIES = YES;
				BUNDLE_LOADER = "$(TEST_HOST)";
				CODE_SIGN_STYLE = Automatic;
				CURRENT_PROJECT_VERSION = 1;
				GENERATE_INFOPLIST_FILE = YES;
				IPHONEOS_DEPLOYMENT_TARGET = 16.4;
				MARKETING_VERSION = 1.0;
				PRODUCT_BUNDLE_IDENTIFIER = com.example.AutoLayoutPracticeTests;
				PRODUCT_NAME = "$(TARGET_NAME)";
				SWIFT_EMIT_LOC_STRINGS = NO;
				SWIFT_VERSION = 5.0;
				TARGETED_DEVICE_FAMILY = "1,2";
				TEST_HOST = "$(BUILT_PRODUCTS_DIR)/AutoLayoutPractice.app/$(BUNDLE_EXECUTABLE_FOLDER_PATH)/AutoLayoutPractice";
			};
			name = Debug;
		};
		36A76C072AF553220043BE13 /* Release */ = {
			isa = XCBuildConfiguration;
			buildSettings = {
				ALWAYS_EMBED_SWIFT_STANDARD_LIBRARIES = YES;
				BUNDLE_LOADER = "$(TEST_HOST)";
				CODE_SIGN_STYLE = Automatic;
				CURRENT_PROJECT_VERSION = 1;
				GENERATE_INFOPLIST_FILE = YES;
				IPHONEOS_DEPLOYMENT_TARGET = 16.4;
				MARKETING_VERSION = 1.0;
				PRODUCT_BUNDLE_IDENTIFIER = com.example.AutoLayoutPracticeTests;
				PRODUCT_NAME = "$(TARGET_NAME)";
				SWIFT_EMIT_LOC_STRINGS = NO;
				SWIFT_VERSION = 5.0;
				TARGETED_DEVICE_FAMILY = "1,2";
				TEST_HOST = "$(BUILT_PRODUCTS_DIR)/AutoLayoutPractice.app/$(BUNDLE_EXECUTABLE_FOLDER_PATH)/AutoLayoutPractice";
			};
			name = Release;
		};
		36A76C092AF553220043BE13 /* Debug */ = {
			isa = XCBuildConfiguration;
			buildSettings = {
				ALWAYS_EMBED_SWIFT_STANDARD_LIBRARIES = YES;
				CODE_SIGN_STYLE = Automatic;
				CURRENT_PROJECT_VERSION = 1;
				GENERATE_INFOPLIST_FILE = YES;
				MARKETING_VERSION = 1.0;
				PRODUCT_BUNDLE_IDENTIFIER = com.example.AutoLayoutPracticeUITests;
				PRODUCT_NAME = "$(TARGET_NAME)";
				SWIFT_EMIT_LOC_STRINGS = NO;
				SWIFT_VERSION = 5.0;
				TARGETED_DEVICE_FAMILY = "1,2";
				TEST_TARGET_NAME = AutoLayoutPractice;
			};
			name = Debug;
		};
		36A76C0A2AF553220043BE13 /* Release */ = {
			isa = XCBuildConfiguration;
			buildSettings = {
				ALWAYS_EMBED_SWIFT_STANDARD_LIBRARIES = YES;
				CODE_SIGN_STYLE = Automatic;
				CURRENT_PROJECT_VERSION = 1;
				GENERATE_INFOPLIST_FILE = YES;
				MARKETING_VERSION = 1.0;
				PRODUCT_BUNDLE_IDENTIFIER = com.example.AutoLayoutPracticeUITests;
				PRODUCT_NAME = "$(TARGET_NAME)";
				SWIFT_EMIT_LOC_STRINGS = NO;
				SWIFT_VERSION = 5.0;
				TARGETED_DEVICE_FAMILY = "1,2";
				TEST_TARGET_NAME = AutoLayoutPractice;
			};
			name = Release;
		};
/* End XCBuildConfiguration section */

/* Begin XCConfigurationList section */
		36A76BD32AF553200043BE13 /* Build configuration list for PBXProject "AutoLayoutPractice" */ = {
			isa = XCConfigurationList;
			buildConfigurations = (
				36A76C002AF553220043BE13 /* Debug */,
				36A76C012AF553220043BE13 /* Release */,
			);
			defaultConfigurationIsVisible = 0;
			defaultConfigurationName = Release;
		};
		36A76C022AF553220043BE13 /* Build configuration list for PBXNativeTarget "AutoLayoutPractice" */ = {
			isa = XCConfigurationList;
			buildConfigurations = (
				36A76C032AF553220043BE13 /* Debug */,
				36A76C042AF553220043BE13 /* Release */,
			);
			defaultConfigurationIsVisible = 0;
			defaultConfigurationName = Release;
		};
		36A76C052AF553220043BE13 /* Build configuration list for PBXNativeTarget "AutoLayoutPracticeTests" */ = {
			isa = XCConfigurationList;
			buildConfigurations = (
				36A76C062AF553220043BE13 /* Debug */,
				36A76C072AF553220043BE13 /* Release */,
			);
			defaultConfigurationIsVisible = 0;
			defaultConfigurationName = Release;
		};
		36A76C082AF553220043BE13 /* Build configuration list for PBXNativeTarget "AutoLayoutPracticeUITests" */ = {
			isa = XCConfigurationList;
			buildConfigurations = (
				36A76C092AF553220043BE13 /* Debug */,
				36A76C0A2AF553220043BE13 /* Release */,
			);
			defaultConfigurationIsVisible = 0;
			defaultConfigurationName = Release;
		};
/* End XCConfigurationList section */
	};
	rootObject = 36A76BD02AF553200043BE13 /* Project object */;
}
