// !$*UTF8*$!
{
	archiveVersion = 1;
	classes = {
	};
	objectVersion = 56;
	objects = {

/* Begin PBXBuildFile section */
		36EBCDB92B17AE2900B351CA /* AppDelegate.swift in Sources */ = {isa = PBXBuildFile; fileRef = 36EBCDB82B17AE2900B351CA /* AppDelegate.swift */; };
		36EBCDBB2B17AE2900B351CA /* SceneDelegate.swift in Sources */ = {isa = PBXBuildFile; fileRef = 36EBCDBA2B17AE2900B351CA /* SceneDelegate.swift */; };
		36EBCDBD2B17AE2900B351CA /* ViewController.swift in Sources */ = {isa = PBXBuildFile; fileRef = 36EBCDBC2B17AE2900B351CA /* ViewController.swift */; };
		36EBCDC02B17AE2900B351CA /* Main.storyboard in Resources */ = {isa = PBXBuildFile; fileRef = 36EBCDBE2B17AE2900B351CA /* Main.storyboard */; };
		36EBCDC22B17AE2B00B351CA /* Assets.xcassets in Resources */ = {isa = PBXBuildFile; fileRef = 36EBCDC12B17AE2B00B351CA /* Assets.xcassets */; };
		36EBCDC52B17AE2C00B351CA /* LaunchScreen.storyboard in Resources */ = {isa = PBXBuildFile; fileRef = 36EBCDC32B17AE2C00B351CA /* LaunchScreen.storyboard */; };
		36EBCDD02B17AE2C00B351CA /* TipCalculatorTests.swift in Sources */ = {isa = PBXBuildFile; fileRef = 36EBCDCF2B17AE2C00B351CA /* TipCalculatorTests.swift */; };
		36EBCDDA2B17AE2C00B351CA /* TipCalculatorUITests.swift in Sources */ = {isa = PBXBuildFile; fileRef = 36EBCDD92B17AE2C00B351CA /* TipCalculatorUITests.swift */; };
		36EBCDDC2B17AE2C00B351CA /* TipCalculatorUITestsLaunchTests.swift in Sources */ = {isa = PBXBuildFile; fileRef = 36EBCDDB2B17AE2C00B351CA /* TipCalculatorUITestsLaunchTests.swift */; };
/* End PBXBuildFile section */

/* Begin PBXContainerItemProxy section */
		36EBCDCC2B17AE2C00B351CA /* PBXContainerItemProxy */ = {
			isa = PBXContainerItemProxy;
			containerPortal = 36EBCDAD2B17AE2900B351CA /* Project object */;
			proxyType = 1;
			remoteGlobalIDString = 36EBCDB42B17AE2900B351CA;
			remoteInfo = TipCalculator;
		};
		36EBCDD62B17AE2C00B351CA /* PBXContainerItemProxy */ = {
			isa = PBXContainerItemProxy;
			containerPortal = 36EBCDAD2B17AE2900B351CA /* Project object */;
			proxyType = 1;
			remoteGlobalIDString = 36EBCDB42B17AE2900B351CA;
			remoteInfo = TipCalculator;
		};
/* End PBXContainerItemProxy section */

/* Begin PBXFileReference section */
		36EBCDB52B17AE2900B351CA /* TipCalculator.app */ = {isa = PBXFileReference; explicitFileType = wrapper.application; includeInIndex = 0; path = TipCalculator.app; sourceTree = BUILT_PRODUCTS_DIR; };
		36EBCDB82B17AE2900B351CA /* AppDelegate.swift */ = {isa = PBXFileReference; lastKnownFileType = sourcecode.swift; path = AppDelegate.swift; sourceTree = "<group>"; };
		36EBCDBA2B17AE2900B351CA /* SceneDelegate.swift */ = {isa = PBXFileReference; lastKnownFileType = sourcecode.swift; path = SceneDelegate.swift; sourceTree = "<group>"; };
		36EBCDBC2B17AE2900B351CA /* ViewController.swift */ = {isa = PBXFileReference; lastKnownFileType = sourcecode.swift; path = ViewController.swift; sourceTree = "<group>"; };
		36EBCDBF2B17AE2900B351CA /* Base */ = {isa = PBXFileReference; lastKnownFileType = file.storyboard; name = Base; path = Base.lproj/Main.storyboard; sourceTree = "<group>"; };
		36EBCDC12B17AE2B00B351CA /* Assets.xcassets */ = {isa = PBXFileReference; lastKnownFileType = folder.assetcatalog; path = Assets.xcassets; sourceTree = "<group>"; };
		36EBCDC42B17AE2C00B351CA /* Base */ = {isa = PBXFileReference; lastKnownFileType = file.storyboard; name = Base; path = Base.lproj/LaunchScreen.storyboard; sourceTree = "<group>"; };
		36EBCDC62B17AE2C00B351CA /* Info.plist */ = {isa = PBXFileReference; lastKnownFileType = text.plist.xml; path = Info.plist; sourceTree = "<group>"; };
		36EBCDCB2B17AE2C00B351CA /* TipCalculatorTests.xctest */ = {isa = PBXFileReference; explicitFileType = wrapper.cfbundle; includeInIndex = 0; path = TipCalculatorTests.xctest; sourceTree = BUILT_PRODUCTS_DIR; };
		36EBCDCF2B17AE2C00B351CA /* TipCalculatorTests.swift */ = {isa = PBXFileReference; lastKnownFileType = sourcecode.swift; path = TipCalculatorTests.swift; sourceTree = "<group>"; };
		36EBCDD52B17AE2C00B351CA /* TipCalculatorUITests.xctest */ = {isa = PBXFileReference; explicitFileType = wrapper.cfbundle; includeInIndex = 0; path = TipCalculatorUITests.xctest; sourceTree = BUILT_PRODUCTS_DIR; };
		36EBCDD92B17AE2C00B351CA /* TipCalculatorUITests.swift */ = {isa = PBXFileReference; lastKnownFileType = sourcecode.swift; path = TipCalculatorUITests.swift; sourceTree = "<group>"; };
		36EBCDDB2B17AE2C00B351CA /* TipCalculatorUITestsLaunchTests.swift */ = {isa = PBXFileReference; lastKnownFileType = sourcecode.swift; path = TipCalculatorUITestsLaunchTests.swift; sourceTree = "<group>"; };
/* End PBXFileReference section */

/* Begin PBXFrameworksBuildPhase section */
		36EBCDB22B17AE2900B351CA /* Frameworks */ = {
			isa = PBXFrameworksBuildPhase;
			buildActionMask = 2147483647;
			files = (
			);
			runOnlyForDeploymentPostprocessing = 0;
		};
		36EBCDC82B17AE2C00B351CA /* Frameworks */ = {
			isa = PBXFrameworksBuildPhase;
			buildActionMask = 2147483647;
			files = (
			);
			runOnlyForDeploymentPostprocessing = 0;
		};
		36EBCDD22B17AE2C00B351CA /* Frameworks */ = {
			isa = PBXFrameworksBuildPhase;
			buildActionMask = 2147483647;
			files = (
			);
			runOnlyForDeploymentPostprocessing = 0;
		};
/* End PBXFrameworksBuildPhase section */

/* Begin PBXGroup section */
		36EBCDAC2B17AE2900B351CA = {
			isa = PBXGroup;
			children = (
				36EBCDB72B17AE2900B351CA /* TipCalculator */,
				36EBCDCE2B17AE2C00B351CA /* TipCalculatorTests */,
				36EBCDD82B17AE2C00B351CA /* TipCalculatorUITests */,
				36EBCDB62B17AE2900B351CA /* Products */,
			);
			sourceTree = "<group>";
		};
		36EBCDB62B17AE2900B351CA /* Products */ = {
			isa = PBXGroup;
			children = (
				36EBCDB52B17AE2900B351CA /* TipCalculator.app */,
				36EBCDCB2B17AE2C00B351CA /* TipCalculatorTests.xctest */,
				36EBCDD52B17AE2C00B351CA /* TipCalculatorUITests.xctest */,
			);
			name = Products;
			sourceTree = "<group>";
		};
		36EBCDB72B17AE2900B351CA /* TipCalculator */ = {
			isa = PBXGroup;
			children = (
				36EBCDB82B17AE2900B351CA /* AppDelegate.swift */,
				36EBCDBA2B17AE2900B351CA /* SceneDelegate.swift */,
				36EBCDBC2B17AE2900B351CA /* ViewController.swift */,
				36EBCDBE2B17AE2900B351CA /* Main.storyboard */,
				36EBCDC12B17AE2B00B351CA /* Assets.xcassets */,
				36EBCDC32B17AE2C00B351CA /* LaunchScreen.storyboard */,
				36EBCDC62B17AE2C00B351CA /* Info.plist */,
			);
			path = TipCalculator;
			sourceTree = "<group>";
		};
		36EBCDCE2B17AE2C00B351CA /* TipCalculatorTests */ = {
			isa = PBXGroup;
			children = (
				36EBCDCF2B17AE2C00B351CA /* TipCalculatorTests.swift */,
			);
			path = TipCalculatorTests;
			sourceTree = "<group>";
		};
		36EBCDD82B17AE2C00B351CA /* TipCalculatorUITests */ = {
			isa = PBXGroup;
			children = (
				36EBCDD92B17AE2C00B351CA /* TipCalculatorUITests.swift */,
				36EBCDDB2B17AE2C00B351CA /* TipCalculatorUITestsLaunchTests.swift */,
			);
			path = TipCalculatorUITests;
			sourceTree = "<group>";
		};
/* End PBXGroup section */

/* Begin PBXNativeTarget section */
		36EBCDB42B17AE2900B351CA /* TipCalculator */ = {
			isa = PBXNativeTarget;
			buildConfigurationList = 36EBCDDF2B17AE2C00B351CA /* Build configuration list for PBXNativeTarget "TipCalculator" */;
			buildPhases = (
				36EBCDB12B17AE2900B351CA /* Sources */,
				36EBCDB22B17AE2900B351CA /* Frameworks */,
				36EBCDB32B17AE2900B351CA /* Resources */,
			);
			buildRules = (
			);
			dependencies = (
			);
			name = TipCalculator;
			productName = TipCalculator;
			productReference = 36EBCDB52B17AE2900B351CA /* TipCalculator.app */;
			productType = "com.apple.product-type.application";
		};
		36EBCDCA2B17AE2C00B351CA /* TipCalculatorTests */ = {
			isa = PBXNativeTarget;
			buildConfigurationList = 36EBCDE22B17AE2C00B351CA /* Build configuration list for PBXNativeTarget "TipCalculatorTests" */;
			buildPhases = (
				36EBCDC72B17AE2C00B351CA /* Sources */,
				36EBCDC82B17AE2C00B351CA /* Frameworks */,
				36EBCDC92B17AE2C00B351CA /* Resources */,
			);
			buildRules = (
			);
			dependencies = (
				36EBCDCD2B17AE2C00B351CA /* PBXTargetDependency */,
			);
			name = TipCalculatorTests;
			productName = TipCalculatorTests;
			productReference = 36EBCDCB2B17AE2C00B351CA /* TipCalculatorTests.xctest */;
			productType = "com.apple.product-type.bundle.unit-test";
		};
		36EBCDD42B17AE2C00B351CA /* TipCalculatorUITests */ = {
			isa = PBXNativeTarget;
			buildConfigurationList = 36EBCDE52B17AE2C00B351CA /* Build configuration list for PBXNativeTarget "TipCalculatorUITests" */;
			buildPhases = (
				36EBCDD12B17AE2C00B351CA /* Sources */,
				36EBCDD22B17AE2C00B351CA /* Frameworks */,
				36EBCDD32B17AE2C00B351CA /* Resources */,
			);
			buildRules = (
			);
			dependencies = (
				36EBCDD72B17AE2C00B351CA /* PBXTargetDependency */,
			);
			name = TipCalculatorUITests;
			productName = TipCalculatorUITests;
			productReference = 36EBCDD52B17AE2C00B351CA /* TipCalculatorUITests.xctest */;
			productType = "com.apple.product-type.bundle.ui-testing";
		};
/* End PBXNativeTarget section */

/* Begin PBXProject section */
		36EBCDAD2B17AE2900B351CA /* Project object */ = {
			isa = PBXProject;
			attributes = {
				BuildIndependentTargetsInParallel = 1;
				LastSwiftUpdateCheck = 1430;
				LastUpgradeCheck = 1430;
				TargetAttributes = {
					36EBCDB42B17AE2900B351CA = {
						CreatedOnToolsVersion = 14.3.1;
					};
					36EBCDCA2B17AE2C00B351CA = {
						CreatedOnToolsVersion = 14.3.1;
						TestTargetID = 36EBCDB42B17AE2900B351CA;
					};
					36EBCDD42B17AE2C00B351CA = {
						CreatedOnToolsVersion = 14.3.1;
						TestTargetID = 36EBCDB42B17AE2900B351CA;
					};
				};
			};
			buildConfigurationList = 36EBCDB02B17AE2900B351CA /* Build configuration list for PBXProject "TipCalculator" */;
			compatibilityVersion = "Xcode 14.0";
			developmentRegion = en;
			hasScannedForEncodings = 0;
			knownRegions = (
				en,
				Base,
			);
			mainGroup = 36EBCDAC2B17AE2900B351CA;
			productRefGroup = 36EBCDB62B17AE2900B351CA /* Products */;
			projectDirPath = "";
			projectRoot = "";
			targets = (
				36EBCDB42B17AE2900B351CA /* TipCalculator */,
				36EBCDCA2B17AE2C00B351CA /* TipCalculatorTests */,
				36EBCDD42B17AE2C00B351CA /* TipCalculatorUITests */,
			);
		};
/* End PBXProject section */

/* Begin PBXResourcesBuildPhase section */
		36EBCDB32B17AE2900B351CA /* Resources */ = {
			isa = PBXResourcesBuildPhase;
			buildActionMask = 2147483647;
			files = (
				36EBCDC52B17AE2C00B351CA /* LaunchScreen.storyboard in Resources */,
				36EBCDC22B17AE2B00B351CA /* Assets.xcassets in Resources */,
				36EBCDC02B17AE2900B351CA /* Main.storyboard in Resources */,
			);
			runOnlyForDeploymentPostprocessing = 0;
		};
		36EBCDC92B17AE2C00B351CA /* Resources */ = {
			isa = PBXResourcesBuildPhase;
			buildActionMask = 2147483647;
			files = (
			);
			runOnlyForDeploymentPostprocessing = 0;
		};
		36EBCDD32B17AE2C00B351CA /* Resources */ = {
			isa = PBXResourcesBuildPhase;
			buildActionMask = 2147483647;
			files = (
			);
			runOnlyForDeploymentPostprocessing = 0;
		};
/* End PBXResourcesBuildPhase section */

/* Begin PBXSourcesBuildPhase section */
		36EBCDB12B17AE2900B351CA /* Sources */ = {
			isa = PBXSourcesBuildPhase;
			buildActionMask = 2147483647;
			files = (
				36EBCDBD2B17AE2900B351CA /* ViewController.swift in Sources */,
				36EBCDB92B17AE2900B351CA /* AppDelegate.swift in Sources */,
				36EBCDBB2B17AE2900B351CA /* SceneDelegate.swift in Sources */,
			);
			runOnlyForDeploymentPostprocessing = 0;
		};
		36EBCDC72B17AE2C00B351CA /* Sources */ = {
			isa = PBXSourcesBuildPhase;
			buildActionMask = 2147483647;
			files = (
				36EBCDD02B17AE2C00B351CA /* TipCalculatorTests.swift in Sources */,
			);
			runOnlyForDeploymentPostprocessing = 0;
		};
		36EBCDD12B17AE2C00B351CA /* Sources */ = {
			isa = PBXSourcesBuildPhase;
			buildActionMask = 2147483647;
			files = (
				36EBCDDC2B17AE2C00B351CA /* TipCalculatorUITestsLaunchTests.swift in Sources */,
				36EBCDDA2B17AE2C00B351CA /* TipCalculatorUITests.swift in Sources */,
			);
			runOnlyForDeploymentPostprocessing = 0;
		};
/* End PBXSourcesBuildPhase section */

/* Begin PBXTargetDependency section */
		36EBCDCD2B17AE2C00B351CA /* PBXTargetDependency */ = {
			isa = PBXTargetDependency;
			target = 36EBCDB42B17AE2900B351CA /* TipCalculator */;
			targetProxy = 36EBCDCC2B17AE2C00B351CA /* PBXContainerItemProxy */;
		};
		36EBCDD72B17AE2C00B351CA /* PBXTargetDependency */ = {
			isa = PBXTargetDependency;
			target = 36EBCDB42B17AE2900B351CA /* TipCalculator */;
			targetProxy = 36EBCDD62B17AE2C00B351CA /* PBXContainerItemProxy */;
		};
/* End PBXTargetDependency section */

/* Begin PBXVariantGroup section */
		36EBCDBE2B17AE2900B351CA /* Main.storyboard */ = {
			isa = PBXVariantGroup;
			children = (
				36EBCDBF2B17AE2900B351CA /* Base */,
			);
			name = Main.storyboard;
			sourceTree = "<group>";
		};
		36EBCDC32B17AE2C00B351CA /* LaunchScreen.storyboard */ = {
			isa = PBXVariantGroup;
			children = (
				36EBCDC42B17AE2C00B351CA /* Base */,
			);
			name = LaunchScreen.storyboard;
			sourceTree = "<group>";
		};
/* End PBXVariantGroup section */

/* Begin XCBuildConfiguration section */
		36EBCDDD2B17AE2C00B351CA /* Debug */ = {
			isa = XCBuildConfiguration;
			buildSettings = {
				ALWAYS_SEARCH_USER_PATHS = NO;
				CLANG_ANALYZER_NONNULL = YES;
				CLANG_ANALYZER_NUMBER_OBJECT_CONVERSION = YES_AGGRESSIVE;
				CLANG_CXX_LANGUAGE_STANDARD = "gnu++20";
				CLANG_ENABLE_MODULES = YES;
				CLANG_ENABLE_OBJC_ARC = YES;
				CLANG_ENABLE_OBJC_WEAK = YES;
				CLANG_WARN_BLOCK_CAPTURE_AUTORELEASING = YES;
				CLANG_WARN_BOOL_CONVERSION = YES;
				CLANG_WARN_COMMA = YES;
				CLANG_WARN_CONSTANT_CONVERSION = YES;
				CLANG_WARN_DEPRECATED_OBJC_IMPLEMENTATIONS = YES;
				CLANG_WARN_DIRECT_OBJC_ISA_USAGE = YES_ERROR;
				CLANG_WARN_DOCUMENTATION_COMMENTS = YES;
				CLANG_WARN_EMPTY_BODY = YES;
				CLANG_WARN_ENUM_CONVERSION = YES;
				CLANG_WARN_INFINITE_RECURSION = YES;
				CLANG_WARN_INT_CONVERSION = YES;
				CLANG_WARN_NON_LITERAL_NULL_CONVERSION = YES;
				CLANG_WARN_OBJC_IMPLICIT_RETAIN_SELF = YES;
				CLANG_WARN_OBJC_LITERAL_CONVERSION = YES;
				CLANG_WARN_OBJC_ROOT_CLASS = YES_ERROR;
				CLANG_WARN_QUOTED_INCLUDE_IN_FRAMEWORK_HEADER = YES;
				CLANG_WARN_RANGE_LOOP_ANALYSIS = YES;
				CLANG_WARN_STRICT_PROTOTYPES = YES;
				CLANG_WARN_SUSPICIOUS_MOVE = YES;
				CLANG_WARN_UNGUARDED_AVAILABILITY = YES_AGGRESSIVE;
				CLANG_WARN_UNREACHABLE_CODE = YES;
				CLANG_WARN__DUPLICATE_METHOD_MATCH = YES;
				COPY_PHASE_STRIP = NO;
				DEBUG_INFORMATION_FORMAT = dwarf;
				ENABLE_STRICT_OBJC_MSGSEND = YES;
				ENABLE_TESTABILITY = YES;
				GCC_C_LANGUAGE_STANDARD = gnu11;
				GCC_DYNAMIC_NO_PIC = NO;
				GCC_NO_COMMON_BLOCKS = YES;
				GCC_OPTIMIZATION_LEVEL = 0;
				GCC_PREPROCESSOR_DEFINITIONS = (
					"DEBUG=1",
					"$(inherited)",
				);
				GCC_WARN_64_TO_32_BIT_CONVERSION = YES;
				GCC_WARN_ABOUT_RETURN_TYPE = YES_ERROR;
				GCC_WARN_UNDECLARED_SELECTOR = YES;
				GCC_WARN_UNINITIALIZED_AUTOS = YES_AGGRESSIVE;
				GCC_WARN_UNUSED_FUNCTION = YES;
				GCC_WARN_UNUSED_VARIABLE = YES;
				IPHONEOS_DEPLOYMENT_TARGET = 16.4;
				MTL_ENABLE_DEBUG_INFO = INCLUDE_SOURCE;
				MTL_FAST_MATH = YES;
				ONLY_ACTIVE_ARCH = YES;
				SDKROOT = iphoneos;
				SWIFT_ACTIVE_COMPILATION_CONDITIONS = DEBUG;
				SWIFT_OPTIMIZATION_LEVEL = "-Onone";
			};
			name = Debug;
		};
		36EBCDDE2B17AE2C00B351CA /* Release */ = {
			isa = XCBuildConfiguration;
			buildSettings = {
				ALWAYS_SEARCH_USER_PATHS = NO;
				CLANG_ANALYZER_NONNULL = YES;
				CLANG_ANALYZER_NUMBER_OBJECT_CONVERSION = YES_AGGRESSIVE;
				CLANG_CXX_LANGUAGE_STANDARD = "gnu++20";
				CLANG_ENABLE_MODULES = YES;
				CLANG_ENABLE_OBJC_ARC = YES;
				CLANG_ENABLE_OBJC_WEAK = YES;
				CLANG_WARN_BLOCK_CAPTURE_AUTORELEASING = YES;
				CLANG_WARN_BOOL_CONVERSION = YES;
				CLANG_WARN_COMMA = YES;
				CLANG_WARN_CONSTANT_CONVERSION = YES;
				CLANG_WARN_DEPRECATED_OBJC_IMPLEMENTATIONS = YES;
				CLANG_WARN_DIRECT_OBJC_ISA_USAGE = YES_ERROR;
				CLANG_WARN_DOCUMENTATION_COMMENTS = YES;
				CLANG_WARN_EMPTY_BODY = YES;
				CLANG_WARN_ENUM_CONVERSION = YES;
				CLANG_WARN_INFINITE_RECURSION = YES;
				CLANG_WARN_INT_CONVERSION = YES;
				CLANG_WARN_NON_LITERAL_NULL_CONVERSION = YES;
				CLANG_WARN_OBJC_IMPLICIT_RETAIN_SELF = YES;
				CLANG_WARN_OBJC_LITERAL_CONVERSION = YES;
				CLANG_WARN_OBJC_ROOT_CLASS = YES_ERROR;
				CLANG_WARN_QUOTED_INCLUDE_IN_FRAMEWORK_HEADER = YES;
				CLANG_WARN_RANGE_LOOP_ANALYSIS = YES;
				CLANG_WARN_STRICT_PROTOTYPES = YES;
				CLANG_WARN_SUSPICIOUS_MOVE = YES;
				CLANG_WARN_UNGUARDED_AVAILABILITY = YES_AGGRESSIVE;
				CLANG_WARN_UNREACHABLE_CODE = YES;
				CLANG_WARN__DUPLICATE_METHOD_MATCH = YES;
				COPY_PHASE_STRIP = NO;
				DEBUG_INFORMATION_FORMAT = "dwarf-with-dsym";
				ENABLE_NS_ASSERTIONS = NO;
				ENABLE_STRICT_OBJC_MSGSEND = YES;
				GCC_C_LANGUAGE_STANDARD = gnu11;
				GCC_NO_COMMON_BLOCKS = YES;
				GCC_WARN_64_TO_32_BIT_CONVERSION = YES;
				GCC_WARN_ABOUT_RETURN_TYPE = YES_ERROR;
				GCC_WARN_UNDECLARED_SELECTOR = YES;
				GCC_WARN_UNINITIALIZED_AUTOS = YES_AGGRESSIVE;
				GCC_WARN_UNUSED_FUNCTION = YES;
				GCC_WARN_UNUSED_VARIABLE = YES;
				IPHONEOS_DEPLOYMENT_TARGET = 16.4;
				MTL_ENABLE_DEBUG_INFO = NO;
				MTL_FAST_MATH = YES;
				SDKROOT = iphoneos;
				SWIFT_COMPILATION_MODE = wholemodule;
				SWIFT_OPTIMIZATION_LEVEL = "-O";
				VALIDATE_PRODUCT = YES;
			};
			name = Release;
		};
		36EBCDE02B17AE2C00B351CA /* Debug */ = {
			isa = XCBuildConfiguration;
			buildSettings = {
				ASSETCATALOG_COMPILER_APPICON_NAME = AppIcon;
				ASSETCATALOG_COMPILER_GLOBAL_ACCENT_COLOR_NAME = AccentColor;
				CODE_SIGN_STYLE = Automatic;
				CURRENT_PROJECT_VERSION = 1;
				GENERATE_INFOPLIST_FILE = YES;
				INFOPLIST_FILE = TipCalculator/Info.plist;
				INFOPLIST_KEY_UIApplicationSupportsIndirectInputEvents = YES;
				INFOPLIST_KEY_UILaunchStoryboardName = LaunchScreen;
				INFOPLIST_KEY_UIMainStoryboardFile = Main;
				INFOPLIST_KEY_UISupportedInterfaceOrientations = UIInterfaceOrientationPortrait;
				INFOPLIST_KEY_UISupportedInterfaceOrientations_iPad = "UIInterfaceOrientationLandscapeLeft UIInterfaceOrientationLandscapeRight UIInterfaceOrientationPortrait UIInterfaceOrientationPortraitUpsideDown";
				LD_RUNPATH_SEARCH_PATHS = (
					"$(inherited)",
					"@executable_path/Frameworks",
				);
				MARKETING_VERSION = 1.0;
				PRODUCT_BUNDLE_IDENTIFIER = com.example.TipCalculator;
				PRODUCT_NAME = "$(TARGET_NAME)";
				SWIFT_EMIT_LOC_STRINGS = YES;
				SWIFT_VERSION = 5.0;
				TARGETED_DEVICE_FAMILY = "1,2";
			};
			name = Debug;
		};
		36EBCDE12B17AE2C00B351CA /* Release */ = {
			isa = XCBuildConfiguration;
			buildSettings = {
				ASSETCATALOG_COMPILER_APPICON_NAME = AppIcon;
				ASSETCATALOG_COMPILER_GLOBAL_ACCENT_COLOR_NAME = AccentColor;
				CODE_SIGN_STYLE = Automatic;
				CURRENT_PROJECT_VERSION = 1;
				GENERATE_INFOPLIST_FILE = YES;
				INFOPLIST_FILE = TipCalculator/Info.plist;
				INFOPLIST_KEY_UIApplicationSupportsIndirectInputEvents = YES;
				INFOPLIST_KEY_UILaunchStoryboardName = LaunchScreen;
				INFOPLIST_KEY_UIMainStoryboardFile = Main;
				INFOPLIST_KEY_UISupportedInterfaceOrientations = UIInterfaceOrientationPortrait;
				INFOPLIST_KEY_UISupportedInterfaceOrientations_iPad = "UIInterfaceOrientationLandscapeLeft UIInterfaceOrientationLandscapeRight UIInterfaceOrientationPortrait UIInterfaceOrientationPortraitUpsideDown";
				LD_RUNPATH_SEARCH_PATHS = (
					"$(inherited)",
					"@executable_path/Frameworks",
				);
				MARKETING_VERSION = 1.0;
				PRODUCT_BUNDLE_IDENTIFIER = com.example.TipCalculator;
				PRODUCT_NAME = "$(TARGET_NAME)";
				SWIFT_EMIT_LOC_STRINGS = YES;
				SWIFT_VERSION = 5.0;
				TARGETED_DEVICE_FAMILY = "1,2";
			};
			name = Release;
		};
		36EBCDE32B17AE2C00B351CA /* Debug */ = {
			isa = XCBuildConfiguration;
			buildSettings = {
				ALWAYS_EMBED_SWIFT_STANDARD_LIBRARIES = YES;
				BUNDLE_LOADER = "$(TEST_HOST)";
				CODE_SIGN_STYLE = Automatic;
				CURRENT_PROJECT_VERSION = 1;
				GENERATE_INFOPLIST_FILE = YES;
				IPHONEOS_DEPLOYMENT_TARGET = 16.4;
				MARKETING_VERSION = 1.0;
				PRODUCT_BUNDLE_IDENTIFIER = com.example.TipCalculatorTests;
				PRODUCT_NAME = "$(TARGET_NAME)";
				SWIFT_EMIT_LOC_STRINGS = NO;
				SWIFT_VERSION = 5.0;
				TARGETED_DEVICE_FAMILY = "1,2";
				TEST_HOST = "$(BUILT_PRODUCTS_DIR)/TipCalculator.app/$(BUNDLE_EXECUTABLE_FOLDER_PATH)/TipCalculator";
			};
			name = Debug;
		};
		36EBCDE42B17AE2C00B351CA /* Release */ = {
			isa = XCBuildConfiguration;
			buildSettings = {
				ALWAYS_EMBED_SWIFT_STANDARD_LIBRARIES = YES;
				BUNDLE_LOADER = "$(TEST_HOST)";
				CODE_SIGN_STYLE = Automatic;
				CURRENT_PROJECT_VERSION = 1;
				GENERATE_INFOPLIST_FILE = YES;
				IPHONEOS_DEPLOYMENT_TARGET = 16.4;
				MARKETING_VERSION = 1.0;
				PRODUCT_BUNDLE_IDENTIFIER = com.example.TipCalculatorTests;
				PRODUCT_NAME = "$(TARGET_NAME)";
				SWIFT_EMIT_LOC_STRINGS = NO;
				SWIFT_VERSION = 5.0;
				TARGETED_DEVICE_FAMILY = "1,2";
				TEST_HOST = "$(BUILT_PRODUCTS_DIR)/TipCalculator.app/$(BUNDLE_EXECUTABLE_FOLDER_PATH)/TipCalculator";
			};
			name = Release;
		};
		36EBCDE62B17AE2C00B351CA /* Debug */ = {
			isa = XCBuildConfiguration;
			buildSettings = {
				ALWAYS_EMBED_SWIFT_STANDARD_LIBRARIES = YES;
				CODE_SIGN_STYLE = Automatic;
				CURRENT_PROJECT_VERSION = 1;
				GENERATE_INFOPLIST_FILE = YES;
				MARKETING_VERSION = 1.0;
				PRODUCT_BUNDLE_IDENTIFIER = com.example.TipCalculatorUITests;
				PRODUCT_NAME = "$(TARGET_NAME)";
				SWIFT_EMIT_LOC_STRINGS = NO;
				SWIFT_VERSION = 5.0;
				TARGETED_DEVICE_FAMILY = "1,2";
				TEST_TARGET_NAME = TipCalculator;
			};
			name = Debug;
		};
		36EBCDE72B17AE2C00B351CA /* Release */ = {
			isa = XCBuildConfiguration;
			buildSettings = {
				ALWAYS_EMBED_SWIFT_STANDARD_LIBRARIES = YES;
				CODE_SIGN_STYLE = Automatic;
				CURRENT_PROJECT_VERSION = 1;
				GENERATE_INFOPLIST_FILE = YES;
				MARKETING_VERSION = 1.0;
				PRODUCT_BUNDLE_IDENTIFIER = com.example.TipCalculatorUITests;
				PRODUCT_NAME = "$(TARGET_NAME)";
				SWIFT_EMIT_LOC_STRINGS = NO;
				SWIFT_VERSION = 5.0;
				TARGETED_DEVICE_FAMILY = "1,2";
				TEST_TARGET_NAME = TipCalculator;
			};
			name = Release;
		};
/* End XCBuildConfiguration section */

/* Begin XCConfigurationList section */
		36EBCDB02B17AE2900B351CA /* Build configuration list for PBXProject "TipCalculator" */ = {
			isa = XCConfigurationList;
			buildConfigurations = (
				36EBCDDD2B17AE2C00B351CA /* Debug */,
				36EBCDDE2B17AE2C00B351CA /* Release */,
			);
			defaultConfigurationIsVisible = 0;
			defaultConfigurationName = Release;
		};
		36EBCDDF2B17AE2C00B351CA /* Build configuration list for PBXNativeTarget "TipCalculator" */ = {
			isa = XCConfigurationList;
			buildConfigurations = (
				36EBCDE02B17AE2C00B351CA /* Debug */,
				36EBCDE12B17AE2C00B351CA /* Release */,
			);
			defaultConfigurationIsVisible = 0;
			defaultConfigurationName = Release;
		};
		36EBCDE22B17AE2C00B351CA /* Build configuration list for PBXNativeTarget "TipCalculatorTests" */ = {
			isa = XCConfigurationList;
			buildConfigurations = (
				36EBCDE32B17AE2C00B351CA /* Debug */,
				36EBCDE42B17AE2C00B351CA /* Release */,
			);
			defaultConfigurationIsVisible = 0;
			defaultConfigurationName = Release;
		};
		36EBCDE52B17AE2C00B351CA /* Build configuration list for PBXNativeTarget "TipCalculatorUITests" */ = {
			isa = XCConfigurationList;
			buildConfigurations = (
				36EBCDE62B17AE2C00B351CA /* Debug */,
				36EBCDE72B17AE2C00B351CA /* Release */,
			);
			defaultConfigurationIsVisible = 0;
			defaultConfigurationName = Release;
		};
/* End XCConfigurationList section */
	};
	rootObject = 36EBCDAD2B17AE2900B351CA /* Project object */;
}
